// !$*UTF8*$!
{
	archiveVersion = 1;
	classes = {
	};
	objectVersion = 46;
	objects = {

/* Begin PBXBuildFile section */
		CE18FCB81518B41C00ED9D08 /* TopicDetailViewController.m in Sources */ = {isa = PBXBuildFile; fileRef = CE18FCB71518B41B00ED9D08 /* TopicDetailViewController.m */; };
		CE258444152496EE006BB654 /* RegexKitLite.m in Sources */ = {isa = PBXBuildFile; fileRef = CE258443152496EE006BB654 /* RegexKitLite.m */; };
		CE25844915249C0E006BB654 /* libicucore.A.dylib in Frameworks */ = {isa = PBXBuildFile; fileRef = CE25844815249C0E006BB654 /* libicucore.A.dylib */; };
		CE2584521524AB54006BB654 /* libMobClickLibrary.a in Frameworks */ = {isa = PBXBuildFile; fileRef = CE2584501524AB54006BB654 /* libMobClickLibrary.a */; };
		CE2584551524B1BE006BB654 /* OtherViewController.m in Sources */ = {isa = PBXBuildFile; fileRef = CE2584541524B1BE006BB654 /* OtherViewController.m */; };
		CE2584581524B738006BB654 /* huluwa1.png in Resources */ = {isa = PBXBuildFile; fileRef = CE2584561524B738006BB654 /* huluwa1.png */; };
		CE2584591524B738006BB654 /* huluwa1@2x.png in Resources */ = {isa = PBXBuildFile; fileRef = CE2584571524B738006BB654 /* huluwa1@2x.png */; };
		CE25845C1524B8E3006BB654 /* huluwa2.png in Resources */ = {isa = PBXBuildFile; fileRef = CE25845A1524B8E3006BB654 /* huluwa2.png */; };
		CE25845D1524B8E3006BB654 /* huluwa2@2x.png in Resources */ = {isa = PBXBuildFile; fileRef = CE25845B1524B8E3006BB654 /* huluwa2@2x.png */; };
		CE2584D31526D9C6006BB654 /* CommentCellView.m in Sources */ = {isa = PBXBuildFile; fileRef = CE2584D21526D9C5006BB654 /* CommentCellView.m */; };
		CE2584DD1526E165006BB654 /* image_category_icon_6.png in Resources */ = {isa = PBXBuildFile; fileRef = CE2584D51526E165006BB654 /* image_category_icon_6.png */; };
		CE2584DE1526E165006BB654 /* image_category_icon_6@2x.png in Resources */ = {isa = PBXBuildFile; fileRef = CE2584D61526E165006BB654 /* image_category_icon_6@2x.png */; };
		CE2584DF1526E165006BB654 /* image_category_icon_7.png in Resources */ = {isa = PBXBuildFile; fileRef = CE2584D71526E165006BB654 /* image_category_icon_7.png */; };
		CE2584E01526E165006BB654 /* image_category_icon_7@2x.png in Resources */ = {isa = PBXBuildFile; fileRef = CE2584D81526E165006BB654 /* image_category_icon_7@2x.png */; };
		CE2584E11526E165006BB654 /* image_category_icon_8.png in Resources */ = {isa = PBXBuildFile; fileRef = CE2584D91526E165006BB654 /* image_category_icon_8.png */; };
		CE2584E21526E165006BB654 /* image_category_icon_8@2x.png in Resources */ = {isa = PBXBuildFile; fileRef = CE2584DA1526E165006BB654 /* image_category_icon_8@2x.png */; };
		CE2584E31526E165006BB654 /* image_category_icon_9.png in Resources */ = {isa = PBXBuildFile; fileRef = CE2584DB1526E165006BB654 /* image_category_icon_9.png */; };
		CE2584E41526E165006BB654 /* image_category_icon_9@2x.png in Resources */ = {isa = PBXBuildFile; fileRef = CE2584DC1526E165006BB654 /* image_category_icon_9@2x.png */; };
		CE2F246C151622BC00436598 /* button_function.png in Resources */ = {isa = PBXBuildFile; fileRef = CE2F246A151622BC00436598 /* button_function.png */; };
		CE2F246D151622BC00436598 /* button_function@2x.png in Resources */ = {isa = PBXBuildFile; fileRef = CE2F246B151622BC00436598 /* button_function@2x.png */; };
		CE333232151207090012F680 /* image_titlebar_background.png in Resources */ = {isa = PBXBuildFile; fileRef = CE333230151207090012F680 /* image_titlebar_background.png */; };
		CE333233151207090012F680 /* image_titlebar_background@2x.png in Resources */ = {isa = PBXBuildFile; fileRef = CE333231151207090012F680 /* image_titlebar_background@2x.png */; };
		CE4135AA1510A68900972D0A /* UIKit.framework in Frameworks */ = {isa = PBXBuildFile; fileRef = CE4135A91510A68900972D0A /* UIKit.framework */; };
		CE4135AC1510A68900972D0A /* Foundation.framework in Frameworks */ = {isa = PBXBuildFile; fileRef = CE4135AB1510A68900972D0A /* Foundation.framework */; };
		CE4135AE1510A68900972D0A /* CoreGraphics.framework in Frameworks */ = {isa = PBXBuildFile; fileRef = CE4135AD1510A68900972D0A /* CoreGraphics.framework */; };
		CE4135B41510A68900972D0A /* InfoPlist.strings in Resources */ = {isa = PBXBuildFile; fileRef = CE4135B21510A68900972D0A /* InfoPlist.strings */; };
		CE4135B61510A68900972D0A /* main.m in Sources */ = {isa = PBXBuildFile; fileRef = CE4135B51510A68900972D0A /* main.m */; };
		CE4135BA1510A68900972D0A /* AppDelegate.m in Sources */ = {isa = PBXBuildFile; fileRef = CE4135B91510A68900972D0A /* AppDelegate.m */; };
		CE413A0F1510AD0400972D0A /* image_tabbar_background.png in Resources */ = {isa = PBXBuildFile; fileRef = CE413A071510AD0400972D0A /* image_tabbar_background.png */; };
		CE413A101510AD0400972D0A /* image_tabbar_background@2x.png in Resources */ = {isa = PBXBuildFile; fileRef = CE413A081510AD0400972D0A /* image_tabbar_background@2x.png */; };
		CE413A111510AD0400972D0A /* image_tabbar_button_home_down.png in Resources */ = {isa = PBXBuildFile; fileRef = CE413A091510AD0400972D0A /* image_tabbar_button_home_down.png */; };
		CE413A121510AD0400972D0A /* image_tabbar_button_home_down@2x.png in Resources */ = {isa = PBXBuildFile; fileRef = CE413A0A1510AD0400972D0A /* image_tabbar_button_home_down@2x.png */; };
		CE413A131510AD0400972D0A /* image_tabbar_button_home_selected.png in Resources */ = {isa = PBXBuildFile; fileRef = CE413A0B1510AD0400972D0A /* image_tabbar_button_home_selected.png */; };
		CE413A141510AD0400972D0A /* image_tabbar_button_home_selected@2x.png in Resources */ = {isa = PBXBuildFile; fileRef = CE413A0C1510AD0400972D0A /* image_tabbar_button_home_selected@2x.png */; };
		CE413A151510AD0400972D0A /* image_tabbar_button_home.png in Resources */ = {isa = PBXBuildFile; fileRef = CE413A0D1510AD0400972D0A /* image_tabbar_button_home.png */; };
		CE413A161510AD0400972D0A /* image_tabbar_button_home@2x.png in Resources */ = {isa = PBXBuildFile; fileRef = CE413A0E1510AD0400972D0A /* image_tabbar_button_home@2x.png */; };
		CE413A3B1510E0C800972D0A /* image_tabbar_button_category_down.png in Resources */ = {isa = PBXBuildFile; fileRef = CE413A351510E0C800972D0A /* image_tabbar_button_category_down.png */; };
		CE413A3C1510E0C800972D0A /* image_tabbar_button_category_down@2x.png in Resources */ = {isa = PBXBuildFile; fileRef = CE413A361510E0C800972D0A /* image_tabbar_button_category_down@2x.png */; };
		CE413A3D1510E0C800972D0A /* image_tabbar_button_category_selected.png in Resources */ = {isa = PBXBuildFile; fileRef = CE413A371510E0C800972D0A /* image_tabbar_button_category_selected.png */; };
		CE413A3E1510E0C800972D0A /* image_tabbar_button_category_selected@2x.png in Resources */ = {isa = PBXBuildFile; fileRef = CE413A381510E0C800972D0A /* image_tabbar_button_category_selected@2x.png */; };
		CE413A3F1510E0C800972D0A /* image_tabbar_button_category.png in Resources */ = {isa = PBXBuildFile; fileRef = CE413A391510E0C800972D0A /* image_tabbar_button_category.png */; };
		CE413A401510E0C800972D0A /* image_tabbar_button_category@2x.png in Resources */ = {isa = PBXBuildFile; fileRef = CE413A3A1510E0C800972D0A /* image_tabbar_button_category@2x.png */; };
		CE413A481510E16E00972D0A /* image_tabbar_button_search_down.png in Resources */ = {isa = PBXBuildFile; fileRef = CE413A421510E16E00972D0A /* image_tabbar_button_search_down.png */; };
		CE413A491510E16E00972D0A /* image_tabbar_button_search_down@2x.png in Resources */ = {isa = PBXBuildFile; fileRef = CE413A431510E16E00972D0A /* image_tabbar_button_search_down@2x.png */; };
		CE413A4A1510E16E00972D0A /* image_tabbar_button_search_selected.png in Resources */ = {isa = PBXBuildFile; fileRef = CE413A441510E16E00972D0A /* image_tabbar_button_search_selected.png */; };
		CE413A4B1510E16E00972D0A /* image_tabbar_button_search_selected@2x.png in Resources */ = {isa = PBXBuildFile; fileRef = CE413A451510E16E00972D0A /* image_tabbar_button_search_selected@2x.png */; };
		CE413A4C1510E16E00972D0A /* image_tabbar_button_search.png in Resources */ = {isa = PBXBuildFile; fileRef = CE413A461510E16E00972D0A /* image_tabbar_button_search.png */; };
		CE413A4D1510E16E00972D0A /* image_tabbar_button_search@2x.png in Resources */ = {isa = PBXBuildFile; fileRef = CE413A471510E16E00972D0A /* image_tabbar_button_search@2x.png */; };
		CE413A541510E22900972D0A /* image_tabbar_button_more_down.png in Resources */ = {isa = PBXBuildFile; fileRef = CE413A4E1510E22900972D0A /* image_tabbar_button_more_down.png */; };
		CE413A551510E22900972D0A /* image_tabbar_button_more_down@2x.png in Resources */ = {isa = PBXBuildFile; fileRef = CE413A4F1510E22900972D0A /* image_tabbar_button_more_down@2x.png */; };
		CE413A561510E22900972D0A /* image_tabbar_button_more_selected.png in Resources */ = {isa = PBXBuildFile; fileRef = CE413A501510E22900972D0A /* image_tabbar_button_more_selected.png */; };
		CE413A571510E22900972D0A /* image_tabbar_button_more_selected@2x.png in Resources */ = {isa = PBXBuildFile; fileRef = CE413A511510E22900972D0A /* image_tabbar_button_more_selected@2x.png */; };
		CE413A581510E22900972D0A /* image_tabbar_button_more.png in Resources */ = {isa = PBXBuildFile; fileRef = CE413A521510E22900972D0A /* image_tabbar_button_more.png */; };
		CE413A591510E22900972D0A /* image_tabbar_button_more@2x.png in Resources */ = {isa = PBXBuildFile; fileRef = CE413A531510E22900972D0A /* image_tabbar_button_more@2x.png */; };
		CE64B8D61512F46800811702 /* Default.png in Resources */ = {isa = PBXBuildFile; fileRef = CE64B8D41512F46800811702 /* Default.png */; };
		CE64B8D71512F46800811702 /* Default@2x.png in Resources */ = {isa = PBXBuildFile; fileRef = CE64B8D51512F46800811702 /* Default@2x.png */; };
		CE64B8DB1512F8EC00811702 /* icon.png in Resources */ = {isa = PBXBuildFile; fileRef = CE64B8D91512F8EC00811702 /* icon.png */; };
		CE64B8DC1512F8EC00811702 /* icon@2x.png in Resources */ = {isa = PBXBuildFile; fileRef = CE64B8DA1512F8EC00811702 /* icon@2x.png */; };
		CE86FAFB151D288000D8D390 /* FavViewController.m in Sources */ = {isa = PBXBuildFile; fileRef = CE86FAFA151D288000D8D390 /* FavViewController.m */; };
		CE87387A151384B900E71EB8 /* JSONKit.m in Sources */ = {isa = PBXBuildFile; fileRef = CE873879151384B900E71EB8 /* JSONKit.m */; };
		CE87387D1513890F00E71EB8 /* CategoryCellViewCell.m in Sources */ = {isa = PBXBuildFile; fileRef = CE87387C1513890F00E71EB8 /* CategoryCellViewCell.m */; };
		CE8738AF1513C45A00E71EB8 /* category_icon_bg.png in Resources */ = {isa = PBXBuildFile; fileRef = CE87389F1513C45A00E71EB8 /* category_icon_bg.png */; };
		CE8738B01513C45A00E71EB8 /* category_icon_bg@2x.png in Resources */ = {isa = PBXBuildFile; fileRef = CE8738A01513C45A00E71EB8 /* category_icon_bg@2x.png */; };
		CE8738B11513C45A00E71EB8 /* cell_separator_line.png in Resources */ = {isa = PBXBuildFile; fileRef = CE8738A11513C45A00E71EB8 /* cell_separator_line.png */; };
		CE8738B21513C45A00E71EB8 /* cell_separator_line@2x.png in Resources */ = {isa = PBXBuildFile; fileRef = CE8738A21513C45A00E71EB8 /* cell_separator_line@2x.png */; };
		CE8738B31513C45A00E71EB8 /* image_category_icon_1.png in Resources */ = {isa = PBXBuildFile; fileRef = CE8738A31513C45A00E71EB8 /* image_category_icon_1.png */; };
		CE8738B41513C45A00E71EB8 /* image_category_icon_1@2x.png in Resources */ = {isa = PBXBuildFile; fileRef = CE8738A41513C45A00E71EB8 /* image_category_icon_1@2x.png */; };
		CE8738B51513C45A00E71EB8 /* image_category_icon_2.png in Resources */ = {isa = PBXBuildFile; fileRef = CE8738A51513C45A00E71EB8 /* image_category_icon_2.png */; };
		CE8738B61513C45A00E71EB8 /* image_category_icon_2@2x.png in Resources */ = {isa = PBXBuildFile; fileRef = CE8738A61513C45A00E71EB8 /* image_category_icon_2@2x.png */; };
		CE8738B71513C45A00E71EB8 /* image_category_icon_3.png in Resources */ = {isa = PBXBuildFile; fileRef = CE8738A71513C45A00E71EB8 /* image_category_icon_3.png */; };
		CE8738B81513C45A00E71EB8 /* image_category_icon_3@2x.png in Resources */ = {isa = PBXBuildFile; fileRef = CE8738A81513C45A00E71EB8 /* image_category_icon_3@2x.png */; };
		CE8738B91513C45A00E71EB8 /* image_category_icon_4.png in Resources */ = {isa = PBXBuildFile; fileRef = CE8738A91513C45A00E71EB8 /* image_category_icon_4.png */; };
		CE8738BA1513C45A00E71EB8 /* image_category_icon_4@2x.png in Resources */ = {isa = PBXBuildFile; fileRef = CE8738AA1513C45A00E71EB8 /* image_category_icon_4@2x.png */; };
		CE8738BB1513C45A00E71EB8 /* image_category_icon_5.png in Resources */ = {isa = PBXBuildFile; fileRef = CE8738AB1513C45A00E71EB8 /* image_category_icon_5.png */; };
		CE8738BC1513C45A00E71EB8 /* image_category_icon_5@2x.png in Resources */ = {isa = PBXBuildFile; fileRef = CE8738AC1513C45A00E71EB8 /* image_category_icon_5@2x.png */; };
		CE8738BD1513C45A00E71EB8 /* image_category_icon_0.png in Resources */ = {isa = PBXBuildFile; fileRef = CE8738AD1513C45A00E71EB8 /* image_category_icon_0.png */; };
		CE8738BE1513C45A00E71EB8 /* image_category_icon_0@2x.png in Resources */ = {isa = PBXBuildFile; fileRef = CE8738AE1513C45A00E71EB8 /* image_category_icon_0@2x.png */; };
		CE8738CA1513D96D00E71EB8 /* image_more_icon_about.png in Resources */ = {isa = PBXBuildFile; fileRef = CE8738C01513D96D00E71EB8 /* image_more_icon_about.png */; };
		CE8738CB1513D96D00E71EB8 /* image_more_icon_about@2x.png in Resources */ = {isa = PBXBuildFile; fileRef = CE8738C11513D96D00E71EB8 /* image_more_icon_about@2x.png */; };
		CE8738CC1513D96D00E71EB8 /* image_more_icon_clear_cache.png in Resources */ = {isa = PBXBuildFile; fileRef = CE8738C21513D96D00E71EB8 /* image_more_icon_clear_cache.png */; };
		CE8738CD1513D96D00E71EB8 /* image_more_icon_clear_cache@2x.png in Resources */ = {isa = PBXBuildFile; fileRef = CE8738C31513D96D00E71EB8 /* image_more_icon_clear_cache@2x.png */; };
		CE8738CE1513D96D00E71EB8 /* image_more_icon_feedback.png in Resources */ = {isa = PBXBuildFile; fileRef = CE8738C41513D96D00E71EB8 /* image_more_icon_feedback.png */; };
		CE8738CF1513D96D00E71EB8 /* image_more_icon_feedback@2x.png in Resources */ = {isa = PBXBuildFile; fileRef = CE8738C51513D96D00E71EB8 /* image_more_icon_feedback@2x.png */; };
		CE8738D01513D96D00E71EB8 /* image_more_icon_help.png in Resources */ = {isa = PBXBuildFile; fileRef = CE8738C61513D96D00E71EB8 /* image_more_icon_help.png */; };
		CE8738D11513D96D00E71EB8 /* image_more_icon_help@2x.png in Resources */ = {isa = PBXBuildFile; fileRef = CE8738C71513D96D00E71EB8 /* image_more_icon_help@2x.png */; };
		CE8738D21513D96D00E71EB8 /* image_more_icon_praise.png in Resources */ = {isa = PBXBuildFile; fileRef = CE8738C81513D96D00E71EB8 /* image_more_icon_praise.png */; };
		CE8738D31513D96D00E71EB8 /* image_more_icon_praise@2x.png in Resources */ = {isa = PBXBuildFile; fileRef = CE8738C91513D96D00E71EB8 /* image_more_icon_praise@2x.png */; };
		CE8738D61513DBB100E71EB8 /* SettingViewCell.m in Sources */ = {isa = PBXBuildFile; fileRef = CE8738D51513DBB100E71EB8 /* SettingViewCell.m */; };
		CE8738DA1513E2B000E71EB8 /* more_recommand_app43.png in Resources */ = {isa = PBXBuildFile; fileRef = CE8738D91513E2B000E71EB8 /* more_recommand_app43.png */; };
		CE8AD895151BAE4F000A7BFA /* CommentView.m in Sources */ = {isa = PBXBuildFile; fileRef = CE8AD894151BAE4F000A7BFA /* CommentView.m */; };
		CE980109151827C800849F81 /* PhotoScrollView.m in Sources */ = {isa = PBXBuildFile; fileRef = CE980108151827C800849F81 /* PhotoScrollView.m */; };
		CE98010D1518350200849F81 /* PhotoDetailViewController.m in Sources */ = {isa = PBXBuildFile; fileRef = CE98010C1518350200849F81 /* PhotoDetailViewController.m */; };
		CE980110151847F600849F81 /* button_like_bg.png in Resources */ = {isa = PBXBuildFile; fileRef = CE98010E151847F600849F81 /* button_like_bg.png */; };
		CE980111151847F600849F81 /* button_like_bg@2x.png in Resources */ = {isa = PBXBuildFile; fileRef = CE98010F151847F600849F81 /* button_like_bg@2x.png */; };
		CE987B67152DD565004ABF9E /* iToast.m in Sources */ = {isa = PBXBuildFile; fileRef = CE987B66152DD565004ABF9E /* iToast.m */; };
		CEA74632151648BD00BDAA34 /* ErrorView.m in Sources */ = {isa = PBXBuildFile; fileRef = CEA74631151648BD00BDAA34 /* ErrorView.m */; };
		CEAB095C151E4F1400BBA4B1 /* ImageObject.m in Sources */ = {isa = PBXBuildFile; fileRef = CEAB095B151E4F1400BBA4B1 /* ImageObject.m */; };
		CEAB095F151E8C0200BBA4B1 /* navbar_button_clear.png in Resources */ = {isa = PBXBuildFile; fileRef = CEAB095D151E8C0200BBA4B1 /* navbar_button_clear.png */; };
		CEAB0960151E8C0200BBA4B1 /* navbar_button_clear@2x.png in Resources */ = {isa = PBXBuildFile; fileRef = CEAB095E151E8C0200BBA4B1 /* navbar_button_clear@2x.png */; };
		CEAB0969151F2BD100BBA4B1 /* MBProgressHUD.m in Sources */ = {isa = PBXBuildFile; fileRef = CEAB0968151F2BD100BBA4B1 /* MBProgressHUD.m */; };
		CEB7A7601512D8C900A115CB /* image_fail_smile.png in Resources */ = {isa = PBXBuildFile; fileRef = CEB7A75E1512D8C900A115CB /* image_fail_smile.png */; };
		CEB7A7611512D8C900A115CB /* image_fail_smile@2x.png in Resources */ = {isa = PBXBuildFile; fileRef = CEB7A75F1512D8C900A115CB /* image_fail_smile@2x.png */; };
		CEB7A7651512E00500A115CB /* view_background.png in Resources */ = {isa = PBXBuildFile; fileRef = CEB7A7631512E00500A115CB /* view_background.png */; };
		CEB7A7661512E00500A115CB /* view_background@2x.png in Resources */ = {isa = PBXBuildFile; fileRef = CEB7A7641512E00500A115CB /* view_background@2x.png */; };
		CECF506E15124FBB00C1B440 /* CustomNavigationBar.m in Sources */ = {isa = PBXBuildFile; fileRef = CECF506B15124FBB00C1B440 /* CustomNavigationBar.m */; };
		CECF506F15124FBB00C1B440 /* CustomTabBar.m in Sources */ = {isa = PBXBuildFile; fileRef = CECF506D15124FBB00C1B440 /* CustomTabBar.m */; };
		CECF507D15124FE100C1B440 /* CategoryViewController.m in Sources */ = {isa = PBXBuildFile; fileRef = CECF507215124FE100C1B440 /* CategoryViewController.m */; };
		CECF507E15124FE100C1B440 /* CustomRootViewController.m in Sources */ = {isa = PBXBuildFile; fileRef = CECF507415124FE100C1B440 /* CustomRootViewController.m */; };
		CECF507F15124FE100C1B440 /* HotViewController.m in Sources */ = {isa = PBXBuildFile; fileRef = CECF507615124FE100C1B440 /* HotViewController.m */; };
		CECF508115124FE100C1B440 /* MoreViewController.m in Sources */ = {isa = PBXBuildFile; fileRef = CECF507A15124FE100C1B440 /* MoreViewController.m */; };
		CECF509A1512503F00C1B440 /* ASIAuthenticationDialog.m in Sources */ = {isa = PBXBuildFile; fileRef = CECF50851512503F00C1B440 /* ASIAuthenticationDialog.m */; };
		CECF509B1512503F00C1B440 /* ASIDataCompressor.m in Sources */ = {isa = PBXBuildFile; fileRef = CECF50881512503F00C1B440 /* ASIDataCompressor.m */; };
		CECF509C1512503F00C1B440 /* ASIDataDecompressor.m in Sources */ = {isa = PBXBuildFile; fileRef = CECF508A1512503F00C1B440 /* ASIDataDecompressor.m */; };
		CECF509D1512503F00C1B440 /* ASIDownloadCache.m in Sources */ = {isa = PBXBuildFile; fileRef = CECF508C1512503F00C1B440 /* ASIDownloadCache.m */; };
		CECF509E1512503F00C1B440 /* ASIFormDataRequest.m in Sources */ = {isa = PBXBuildFile; fileRef = CECF508E1512503F00C1B440 /* ASIFormDataRequest.m */; };
		CECF509F1512503F00C1B440 /* ASIHTTPRequest.m in Sources */ = {isa = PBXBuildFile; fileRef = CECF50901512503F00C1B440 /* ASIHTTPRequest.m */; };
		CECF50A01512503F00C1B440 /* ASIInputStream.m in Sources */ = {isa = PBXBuildFile; fileRef = CECF50941512503F00C1B440 /* ASIInputStream.m */; };
		CECF50A11512503F00C1B440 /* ASINetworkQueue.m in Sources */ = {isa = PBXBuildFile; fileRef = CECF50961512503F00C1B440 /* ASINetworkQueue.m */; };
		CECF50A21512503F00C1B440 /* Reachability.m in Sources */ = {isa = PBXBuildFile; fileRef = CECF50991512503F00C1B440 /* Reachability.m */; };
		CECF50A41512508A00C1B440 /* CFNetwork.framework in Frameworks */ = {isa = PBXBuildFile; fileRef = CECF50A31512508A00C1B440 /* CFNetwork.framework */; };
		CECF50A61512509500C1B440 /* SystemConfiguration.framework in Frameworks */ = {isa = PBXBuildFile; fileRef = CECF50A51512509500C1B440 /* SystemConfiguration.framework */; };
		CECF50A81512509E00C1B440 /* MobileCoreServices.framework in Frameworks */ = {isa = PBXBuildFile; fileRef = CECF50A71512509E00C1B440 /* MobileCoreServices.framework */; };
		CECF50AA151250AC00C1B440 /* libz.dylib in Frameworks */ = {isa = PBXBuildFile; fileRef = CECF50A9151250AC00C1B440 /* libz.dylib */; };
		CECF50AD1512510200C1B440 /* URLImageView.m in Sources */ = {isa = PBXBuildFile; fileRef = CECF50AC1512510200C1B440 /* URLImageView.m */; };
		CEEC078D15141EA500485D5B /* more_recommand_lutu.png in Resources */ = {isa = PBXBuildFile; fileRef = CEEC078C15141EA500485D5B /* more_recommand_lutu.png */; };
		CEF53714151239600048D836 /* navbar_button_back.png in Resources */ = {isa = PBXBuildFile; fileRef = CEF53712151239600048D836 /* navbar_button_back.png */; };
		CEF53715151239600048D836 /* navbar_button_back@2x.png in Resources */ = {isa = PBXBuildFile; fileRef = CEF53713151239600048D836 /* navbar_button_back@2x.png */; };
		CEFBBB071517011B00EA5472 /* TopicListViewController.m in Sources */ = {isa = PBXBuildFile; fileRef = CEFBBB061517011B00EA5472 /* TopicListViewController.m */; };
		CEFBBB0E151719AA00EA5472 /* TopicListCellView.m in Sources */ = {isa = PBXBuildFile; fileRef = CEFBBB0D151719AA00EA5472 /* TopicListCellView.m */; };
/* End PBXBuildFile section */

/* Begin PBXFileReference section */
		CE18FCB61518B41B00ED9D08 /* TopicDetailViewController.h */ = {isa = PBXFileReference; fileEncoding = 4; lastKnownFileType = sourcecode.c.h; path = TopicDetailViewController.h; sourceTree = "<group>"; };
		CE18FCB71518B41B00ED9D08 /* TopicDetailViewController.m */ = {isa = PBXFileReference; fileEncoding = 4; lastKnownFileType = sourcecode.c.objc; path = TopicDetailViewController.m; sourceTree = "<group>"; };
		CE258442152496EE006BB654 /* RegexKitLite.h */ = {isa = PBXFileReference; fileEncoding = 4; lastKnownFileType = sourcecode.c.h; path = RegexKitLite.h; sourceTree = "<group>"; };
		CE258443152496EE006BB654 /* RegexKitLite.m */ = {isa = PBXFileReference; fileEncoding = 4; lastKnownFileType = sourcecode.c.objc; path = RegexKitLite.m; sourceTree = "<group>"; };
		CE25844815249C0E006BB654 /* libicucore.A.dylib */ = {isa = PBXFileReference; lastKnownFileType = "compiled.mach-o.dylib"; name = libicucore.A.dylib; path = usr/lib/libicucore.A.dylib; sourceTree = SDKROOT; };
		CE2584501524AB54006BB654 /* libMobClickLibrary.a */ = {isa = PBXFileReference; lastKnownFileType = archive.ar; path = libMobClickLibrary.a; sourceTree = "<group>"; };
		CE2584511524AB54006BB654 /* MobClick.h */ = {isa = PBXFileReference; fileEncoding = 4; lastKnownFileType = sourcecode.c.h; path = MobClick.h; sourceTree = "<group>"; };
		CE2584531524B1BC006BB654 /* OtherViewController.h */ = {isa = PBXFileReference; fileEncoding = 4; lastKnownFileType = sourcecode.c.h; path = OtherViewController.h; sourceTree = "<group>"; };
		CE2584541524B1BE006BB654 /* OtherViewController.m */ = {isa = PBXFileReference; fileEncoding = 4; lastKnownFileType = sourcecode.c.objc; path = OtherViewController.m; sourceTree = "<group>"; };
		CE2584561524B738006BB654 /* huluwa1.png */ = {isa = PBXFileReference; lastKnownFileType = image.png; path = huluwa1.png; sourceTree = "<group>"; };
		CE2584571524B738006BB654 /* huluwa1@2x.png */ = {isa = PBXFileReference; lastKnownFileType = image.png; path = "huluwa1@2x.png"; sourceTree = "<group>"; };
		CE25845A1524B8E3006BB654 /* huluwa2.png */ = {isa = PBXFileReference; lastKnownFileType = image.png; path = huluwa2.png; sourceTree = "<group>"; };
		CE25845B1524B8E3006BB654 /* huluwa2@2x.png */ = {isa = PBXFileReference; lastKnownFileType = image.png; path = "huluwa2@2x.png"; sourceTree = "<group>"; };
		CE2584D11526D9C4006BB654 /* CommentCellView.h */ = {isa = PBXFileReference; fileEncoding = 4; lastKnownFileType = sourcecode.c.h; path = CommentCellView.h; sourceTree = "<group>"; };
		CE2584D21526D9C5006BB654 /* CommentCellView.m */ = {isa = PBXFileReference; fileEncoding = 4; lastKnownFileType = sourcecode.c.objc; path = CommentCellView.m; sourceTree = "<group>"; };
		CE2584D51526E165006BB654 /* image_category_icon_6.png */ = {isa = PBXFileReference; lastKnownFileType = image.png; path = image_category_icon_6.png; sourceTree = "<group>"; };
		CE2584D61526E165006BB654 /* image_category_icon_6@2x.png */ = {isa = PBXFileReference; lastKnownFileType = image.png; path = "image_category_icon_6@2x.png"; sourceTree = "<group>"; };
		CE2584D71526E165006BB654 /* image_category_icon_7.png */ = {isa = PBXFileReference; lastKnownFileType = image.png; path = image_category_icon_7.png; sourceTree = "<group>"; };
		CE2584D81526E165006BB654 /* image_category_icon_7@2x.png */ = {isa = PBXFileReference; lastKnownFileType = image.png; path = "image_category_icon_7@2x.png"; sourceTree = "<group>"; };
		CE2584D91526E165006BB654 /* image_category_icon_8.png */ = {isa = PBXFileReference; lastKnownFileType = image.png; path = image_category_icon_8.png; sourceTree = "<group>"; };
		CE2584DA1526E165006BB654 /* image_category_icon_8@2x.png */ = {isa = PBXFileReference; lastKnownFileType = image.png; path = "image_category_icon_8@2x.png"; sourceTree = "<group>"; };
		CE2584DB1526E165006BB654 /* image_category_icon_9.png */ = {isa = PBXFileReference; lastKnownFileType = image.png; path = image_category_icon_9.png; sourceTree = "<group>"; };
		CE2584DC1526E165006BB654 /* image_category_icon_9@2x.png */ = {isa = PBXFileReference; lastKnownFileType = image.png; path = "image_category_icon_9@2x.png"; sourceTree = "<group>"; };
		CE2F246A151622BC00436598 /* button_function.png */ = {isa = PBXFileReference; lastKnownFileType = image.png; path = button_function.png; sourceTree = "<group>"; };
		CE2F246B151622BC00436598 /* button_function@2x.png */ = {isa = PBXFileReference; lastKnownFileType = image.png; path = "button_function@2x.png"; sourceTree = "<group>"; };
		CE333230151207090012F680 /* image_titlebar_background.png */ = {isa = PBXFileReference; lastKnownFileType = image.png; path = image_titlebar_background.png; sourceTree = "<group>"; };
		CE333231151207090012F680 /* image_titlebar_background@2x.png */ = {isa = PBXFileReference; lastKnownFileType = image.png; path = "image_titlebar_background@2x.png"; sourceTree = "<group>"; };
		CE4135A51510A68900972D0A /* Carmodel.app */ = {isa = PBXFileReference; explicitFileType = wrapper.application; includeInIndex = 0; path = Carmodel.app; sourceTree = BUILT_PRODUCTS_DIR; };
		CE4135A91510A68900972D0A /* UIKit.framework */ = {isa = PBXFileReference; lastKnownFileType = wrapper.framework; name = UIKit.framework; path = System/Library/Frameworks/UIKit.framework; sourceTree = SDKROOT; };
		CE4135AB1510A68900972D0A /* Foundation.framework */ = {isa = PBXFileReference; lastKnownFileType = wrapper.framework; name = Foundation.framework; path = System/Library/Frameworks/Foundation.framework; sourceTree = SDKROOT; };
		CE4135AD1510A68900972D0A /* CoreGraphics.framework */ = {isa = PBXFileReference; lastKnownFileType = wrapper.framework; name = CoreGraphics.framework; path = System/Library/Frameworks/CoreGraphics.framework; sourceTree = SDKROOT; };
		CE4135B11510A68900972D0A /* Carmodel-Info.plist */ = {isa = PBXFileReference; lastKnownFileType = text.plist.xml; path = "Carmodel-Info.plist"; sourceTree = "<group>"; };
		CE4135B31510A68900972D0A /* en */ = {isa = PBXFileReference; lastKnownFileType = text.plist.strings; name = en; path = en.lproj/InfoPlist.strings; sourceTree = "<group>"; };
		CE4135B51510A68900972D0A /* main.m */ = {isa = PBXFileReference; lastKnownFileType = sourcecode.c.objc; path = main.m; sourceTree = "<group>"; };
		CE4135B71510A68900972D0A /* Carmodel-Prefix.pch */ = {isa = PBXFileReference; lastKnownFileType = sourcecode.c.h; path = "Carmodel-Prefix.pch"; sourceTree = "<group>"; };
		CE4135B81510A68900972D0A /* AppDelegate.h */ = {isa = PBXFileReference; lastKnownFileType = sourcecode.c.h; path = AppDelegate.h; sourceTree = "<group>"; };
		CE4135B91510A68900972D0A /* AppDelegate.m */ = {isa = PBXFileReference; lastKnownFileType = sourcecode.c.objc; path = AppDelegate.m; sourceTree = "<group>"; };
		CE413A071510AD0400972D0A /* image_tabbar_background.png */ = {isa = PBXFileReference; lastKnownFileType = image.png; path = image_tabbar_background.png; sourceTree = "<group>"; };
		CE413A081510AD0400972D0A /* image_tabbar_background@2x.png */ = {isa = PBXFileReference; lastKnownFileType = image.png; path = "image_tabbar_background@2x.png"; sourceTree = "<group>"; };
		CE413A091510AD0400972D0A /* image_tabbar_button_home_down.png */ = {isa = PBXFileReference; lastKnownFileType = image.png; path = image_tabbar_button_home_down.png; sourceTree = "<group>"; };
		CE413A0A1510AD0400972D0A /* image_tabbar_button_home_down@2x.png */ = {isa = PBXFileReference; lastKnownFileType = image.png; path = "image_tabbar_button_home_down@2x.png"; sourceTree = "<group>"; };
		CE413A0B1510AD0400972D0A /* image_tabbar_button_home_selected.png */ = {isa = PBXFileReference; lastKnownFileType = image.png; path = image_tabbar_button_home_selected.png; sourceTree = "<group>"; };
		CE413A0C1510AD0400972D0A /* image_tabbar_button_home_selected@2x.png */ = {isa = PBXFileReference; lastKnownFileType = image.png; path = "image_tabbar_button_home_selected@2x.png"; sourceTree = "<group>"; };
		CE413A0D1510AD0400972D0A /* image_tabbar_button_home.png */ = {isa = PBXFileReference; lastKnownFileType = image.png; path = image_tabbar_button_home.png; sourceTree = "<group>"; };
		CE413A0E1510AD0400972D0A /* image_tabbar_button_home@2x.png */ = {isa = PBXFileReference; lastKnownFileType = image.png; path = "image_tabbar_button_home@2x.png"; sourceTree = "<group>"; };
		CE413A351510E0C800972D0A /* image_tabbar_button_category_down.png */ = {isa = PBXFileReference; lastKnownFileType = image.png; path = image_tabbar_button_category_down.png; sourceTree = "<group>"; };
		CE413A361510E0C800972D0A /* image_tabbar_button_category_down@2x.png */ = {isa = PBXFileReference; lastKnownFileType = image.png; path = "image_tabbar_button_category_down@2x.png"; sourceTree = "<group>"; };
		CE413A371510E0C800972D0A /* image_tabbar_button_category_selected.png */ = {isa = PBXFileReference; lastKnownFileType = image.png; path = image_tabbar_button_category_selected.png; sourceTree = "<group>"; };
		CE413A381510E0C800972D0A /* image_tabbar_button_category_selected@2x.png */ = {isa = PBXFileReference; lastKnownFileType = image.png; path = "image_tabbar_button_category_selected@2x.png"; sourceTree = "<group>"; };
		CE413A391510E0C800972D0A /* image_tabbar_button_category.png */ = {isa = PBXFileReference; lastKnownFileType = image.png; path = image_tabbar_button_category.png; sourceTree = "<group>"; };
		CE413A3A1510E0C800972D0A /* image_tabbar_button_category@2x.png */ = {isa = PBXFileReference; lastKnownFileType = image.png; path = "image_tabbar_button_category@2x.png"; sourceTree = "<group>"; };
		CE413A421510E16E00972D0A /* image_tabbar_button_search_down.png */ = {isa = PBXFileReference; lastKnownFileType = image.png; path = image_tabbar_button_search_down.png; sourceTree = "<group>"; };
		CE413A431510E16E00972D0A /* image_tabbar_button_search_down@2x.png */ = {isa = PBXFileReference; lastKnownFileType = image.png; path = "image_tabbar_button_search_down@2x.png"; sourceTree = "<group>"; };
		CE413A441510E16E00972D0A /* image_tabbar_button_search_selected.png */ = {isa = PBXFileReference; lastKnownFileType = image.png; path = image_tabbar_button_search_selected.png; sourceTree = "<group>"; };
		CE413A451510E16E00972D0A /* image_tabbar_button_search_selected@2x.png */ = {isa = PBXFileReference; lastKnownFileType = image.png; path = "image_tabbar_button_search_selected@2x.png"; sourceTree = "<group>"; };
		CE413A461510E16E00972D0A /* image_tabbar_button_search.png */ = {isa = PBXFileReference; lastKnownFileType = image.png; path = image_tabbar_button_search.png; sourceTree = "<group>"; };
		CE413A471510E16E00972D0A /* image_tabbar_button_search@2x.png */ = {isa = PBXFileReference; lastKnownFileType = image.png; path = "image_tabbar_button_search@2x.png"; sourceTree = "<group>"; };
		CE413A4E1510E22900972D0A /* image_tabbar_button_more_down.png */ = {isa = PBXFileReference; lastKnownFileType = image.png; path = image_tabbar_button_more_down.png; sourceTree = "<group>"; };
		CE413A4F1510E22900972D0A /* image_tabbar_button_more_down@2x.png */ = {isa = PBXFileReference; lastKnownFileType = image.png; path = "image_tabbar_button_more_down@2x.png"; sourceTree = "<group>"; };
		CE413A501510E22900972D0A /* image_tabbar_button_more_selected.png */ = {isa = PBXFileReference; lastKnownFileType = image.png; path = image_tabbar_button_more_selected.png; sourceTree = "<group>"; };
		CE413A511510E22900972D0A /* image_tabbar_button_more_selected@2x.png */ = {isa = PBXFileReference; lastKnownFileType = image.png; path = "image_tabbar_button_more_selected@2x.png"; sourceTree = "<group>"; };
		CE413A521510E22900972D0A /* image_tabbar_button_more.png */ = {isa = PBXFileReference; lastKnownFileType = image.png; path = image_tabbar_button_more.png; sourceTree = "<group>"; };
		CE413A531510E22900972D0A /* image_tabbar_button_more@2x.png */ = {isa = PBXFileReference; lastKnownFileType = image.png; path = "image_tabbar_button_more@2x.png"; sourceTree = "<group>"; };
		CE64B8D41512F46800811702 /* Default.png */ = {isa = PBXFileReference; lastKnownFileType = image.png; path = Default.png; sourceTree = "<group>"; };
		CE64B8D51512F46800811702 /* Default@2x.png */ = {isa = PBXFileReference; lastKnownFileType = image.png; path = "Default@2x.png"; sourceTree = "<group>"; };
		CE64B8D91512F8EC00811702 /* icon.png */ = {isa = PBXFileReference; lastKnownFileType = image.png; path = icon.png; sourceTree = "<group>"; };
		CE64B8DA1512F8EC00811702 /* icon@2x.png */ = {isa = PBXFileReference; lastKnownFileType = image.png; path = "icon@2x.png"; sourceTree = "<group>"; };
		CE86FAF9151D288000D8D390 /* FavViewController.h */ = {isa = PBXFileReference; fileEncoding = 4; lastKnownFileType = sourcecode.c.h; path = FavViewController.h; sourceTree = "<group>"; };
		CE86FAFA151D288000D8D390 /* FavViewController.m */ = {isa = PBXFileReference; fileEncoding = 4; lastKnownFileType = sourcecode.c.objc; path = FavViewController.m; sourceTree = "<group>"; };
		CE873878151384B900E71EB8 /* JSONKit.h */ = {isa = PBXFileReference; fileEncoding = 4; lastKnownFileType = sourcecode.c.h; path = JSONKit.h; sourceTree = "<group>"; };
		CE873879151384B900E71EB8 /* JSONKit.m */ = {isa = PBXFileReference; fileEncoding = 4; lastKnownFileType = sourcecode.c.objc; path = JSONKit.m; sourceTree = "<group>"; };
		CE87387B1513890F00E71EB8 /* CategoryCellViewCell.h */ = {isa = PBXFileReference; fileEncoding = 4; lastKnownFileType = sourcecode.c.h; path = CategoryCellViewCell.h; sourceTree = "<group>"; };
		CE87387C1513890F00E71EB8 /* CategoryCellViewCell.m */ = {isa = PBXFileReference; fileEncoding = 4; lastKnownFileType = sourcecode.c.objc; path = CategoryCellViewCell.m; sourceTree = "<group>"; };
		CE87389F1513C45A00E71EB8 /* category_icon_bg.png */ = {isa = PBXFileReference; lastKnownFileType = image.png; path = category_icon_bg.png; sourceTree = "<group>"; };
		CE8738A01513C45A00E71EB8 /* category_icon_bg@2x.png */ = {isa = PBXFileReference; lastKnownFileType = image.png; path = "category_icon_bg@2x.png"; sourceTree = "<group>"; };
		CE8738A11513C45A00E71EB8 /* cell_separator_line.png */ = {isa = PBXFileReference; lastKnownFileType = image.png; path = cell_separator_line.png; sourceTree = "<group>"; };
		CE8738A21513C45A00E71EB8 /* cell_separator_line@2x.png */ = {isa = PBXFileReference; lastKnownFileType = image.png; path = "cell_separator_line@2x.png"; sourceTree = "<group>"; };
		CE8738A31513C45A00E71EB8 /* image_category_icon_1.png */ = {isa = PBXFileReference; lastKnownFileType = image.png; path = image_category_icon_1.png; sourceTree = "<group>"; };
		CE8738A41513C45A00E71EB8 /* image_category_icon_1@2x.png */ = {isa = PBXFileReference; lastKnownFileType = image.png; path = "image_category_icon_1@2x.png"; sourceTree = "<group>"; };
		CE8738A51513C45A00E71EB8 /* image_category_icon_2.png */ = {isa = PBXFileReference; lastKnownFileType = image.png; path = image_category_icon_2.png; sourceTree = "<group>"; };
		CE8738A61513C45A00E71EB8 /* image_category_icon_2@2x.png */ = {isa = PBXFileReference; lastKnownFileType = image.png; path = "image_category_icon_2@2x.png"; sourceTree = "<group>"; };
		CE8738A71513C45A00E71EB8 /* image_category_icon_3.png */ = {isa = PBXFileReference; lastKnownFileType = image.png; path = image_category_icon_3.png; sourceTree = "<group>"; };
		CE8738A81513C45A00E71EB8 /* image_category_icon_3@2x.png */ = {isa = PBXFileReference; lastKnownFileType = image.png; path = "image_category_icon_3@2x.png"; sourceTree = "<group>"; };
		CE8738A91513C45A00E71EB8 /* image_category_icon_4.png */ = {isa = PBXFileReference; lastKnownFileType = image.png; path = image_category_icon_4.png; sourceTree = "<group>"; };
		CE8738AA1513C45A00E71EB8 /* image_category_icon_4@2x.png */ = {isa = PBXFileReference; lastKnownFileType = image.png; path = "image_category_icon_4@2x.png"; sourceTree = "<group>"; };
		CE8738AB1513C45A00E71EB8 /* image_category_icon_5.png */ = {isa = PBXFileReference; lastKnownFileType = image.png; path = image_category_icon_5.png; sourceTree = "<group>"; };
		CE8738AC1513C45A00E71EB8 /* image_category_icon_5@2x.png */ = {isa = PBXFileReference; lastKnownFileType = image.png; path = "image_category_icon_5@2x.png"; sourceTree = "<group>"; };
		CE8738AD1513C45A00E71EB8 /* image_category_icon_0.png */ = {isa = PBXFileReference; lastKnownFileType = image.png; path = image_category_icon_0.png; sourceTree = "<group>"; };
		CE8738AE1513C45A00E71EB8 /* image_category_icon_0@2x.png */ = {isa = PBXFileReference; lastKnownFileType = image.png; path = "image_category_icon_0@2x.png"; sourceTree = "<group>"; };
		CE8738C01513D96D00E71EB8 /* image_more_icon_about.png */ = {isa = PBXFileReference; lastKnownFileType = image.png; path = image_more_icon_about.png; sourceTree = "<group>"; };
		CE8738C11513D96D00E71EB8 /* image_more_icon_about@2x.png */ = {isa = PBXFileReference; lastKnownFileType = image.png; path = "image_more_icon_about@2x.png"; sourceTree = "<group>"; };
		CE8738C21513D96D00E71EB8 /* image_more_icon_clear_cache.png */ = {isa = PBXFileReference; lastKnownFileType = image.png; path = image_more_icon_clear_cache.png; sourceTree = "<group>"; };
		CE8738C31513D96D00E71EB8 /* image_more_icon_clear_cache@2x.png */ = {isa = PBXFileReference; lastKnownFileType = image.png; path = "image_more_icon_clear_cache@2x.png"; sourceTree = "<group>"; };
		CE8738C41513D96D00E71EB8 /* image_more_icon_feedback.png */ = {isa = PBXFileReference; lastKnownFileType = image.png; path = image_more_icon_feedback.png; sourceTree = "<group>"; };
		CE8738C51513D96D00E71EB8 /* image_more_icon_feedback@2x.png */ = {isa = PBXFileReference; lastKnownFileType = image.png; path = "image_more_icon_feedback@2x.png"; sourceTree = "<group>"; };
		CE8738C61513D96D00E71EB8 /* image_more_icon_help.png */ = {isa = PBXFileReference; lastKnownFileType = image.png; path = image_more_icon_help.png; sourceTree = "<group>"; };
		CE8738C71513D96D00E71EB8 /* image_more_icon_help@2x.png */ = {isa = PBXFileReference; lastKnownFileType = image.png; path = "image_more_icon_help@2x.png"; sourceTree = "<group>"; };
		CE8738C81513D96D00E71EB8 /* image_more_icon_praise.png */ = {isa = PBXFileReference; lastKnownFileType = image.png; path = image_more_icon_praise.png; sourceTree = "<group>"; };
		CE8738C91513D96D00E71EB8 /* image_more_icon_praise@2x.png */ = {isa = PBXFileReference; lastKnownFileType = image.png; path = "image_more_icon_praise@2x.png"; sourceTree = "<group>"; };
		CE8738D41513DBB100E71EB8 /* SettingViewCell.h */ = {isa = PBXFileReference; fileEncoding = 4; lastKnownFileType = sourcecode.c.h; path = SettingViewCell.h; sourceTree = "<group>"; };
		CE8738D51513DBB100E71EB8 /* SettingViewCell.m */ = {isa = PBXFileReference; fileEncoding = 4; lastKnownFileType = sourcecode.c.objc; path = SettingViewCell.m; sourceTree = "<group>"; };
		CE8738D91513E2B000E71EB8 /* more_recommand_app43.png */ = {isa = PBXFileReference; lastKnownFileType = image.png; path = more_recommand_app43.png; sourceTree = "<group>"; };
		CE8AD893151BAE4F000A7BFA /* CommentView.h */ = {isa = PBXFileReference; fileEncoding = 4; lastKnownFileType = sourcecode.c.h; path = CommentView.h; sourceTree = "<group>"; };
		CE8AD894151BAE4F000A7BFA /* CommentView.m */ = {isa = PBXFileReference; fileEncoding = 4; lastKnownFileType = sourcecode.c.objc; path = CommentView.m; sourceTree = "<group>"; };
		CE980107151827C800849F81 /* PhotoScrollView.h */ = {isa = PBXFileReference; fileEncoding = 4; lastKnownFileType = sourcecode.c.h; path = PhotoScrollView.h; sourceTree = "<group>"; };
		CE980108151827C800849F81 /* PhotoScrollView.m */ = {isa = PBXFileReference; fileEncoding = 4; lastKnownFileType = sourcecode.c.objc; path = PhotoScrollView.m; sourceTree = "<group>"; };
		CE98010B1518350200849F81 /* PhotoDetailViewController.h */ = {isa = PBXFileReference; fileEncoding = 4; lastKnownFileType = sourcecode.c.h; path = PhotoDetailViewController.h; sourceTree = "<group>"; };
		CE98010C1518350200849F81 /* PhotoDetailViewController.m */ = {isa = PBXFileReference; fileEncoding = 4; lastKnownFileType = sourcecode.c.objc; path = PhotoDetailViewController.m; sourceTree = "<group>"; };
		CE98010E151847F600849F81 /* button_like_bg.png */ = {isa = PBXFileReference; lastKnownFileType = image.png; path = button_like_bg.png; sourceTree = "<group>"; };
		CE98010F151847F600849F81 /* button_like_bg@2x.png */ = {isa = PBXFileReference; lastKnownFileType = image.png; path = "button_like_bg@2x.png"; sourceTree = "<group>"; };
		CE987B65152DD565004ABF9E /* iToast.h */ = {isa = PBXFileReference; fileEncoding = 4; lastKnownFileType = sourcecode.c.h; path = iToast.h; sourceTree = "<group>"; };
		CE987B66152DD565004ABF9E /* iToast.m */ = {isa = PBXFileReference; fileEncoding = 4; lastKnownFileType = sourcecode.c.objc; path = iToast.m; sourceTree = "<group>"; };
		CEA74630151648BD00BDAA34 /* ErrorView.h */ = {isa = PBXFileReference; fileEncoding = 4; lastKnownFileType = sourcecode.c.h; path = ErrorView.h; sourceTree = "<group>"; };
		CEA74631151648BD00BDAA34 /* ErrorView.m */ = {isa = PBXFileReference; fileEncoding = 4; lastKnownFileType = sourcecode.c.objc; path = ErrorView.m; sourceTree = "<group>"; };
		CEAB095A151E4F1400BBA4B1 /* ImageObject.h */ = {isa = PBXFileReference; fileEncoding = 4; lastKnownFileType = sourcecode.c.h; path = ImageObject.h; sourceTree = "<group>"; };
		CEAB095B151E4F1400BBA4B1 /* ImageObject.m */ = {isa = PBXFileReference; fileEncoding = 4; lastKnownFileType = sourcecode.c.objc; path = ImageObject.m; sourceTree = "<group>"; };
		CEAB095D151E8C0200BBA4B1 /* navbar_button_clear.png */ = {isa = PBXFileReference; lastKnownFileType = image.png; path = navbar_button_clear.png; sourceTree = "<group>"; };
		CEAB095E151E8C0200BBA4B1 /* navbar_button_clear@2x.png */ = {isa = PBXFileReference; lastKnownFileType = image.png; path = "navbar_button_clear@2x.png"; sourceTree = "<group>"; };
		CEAB0967151F2BD100BBA4B1 /* MBProgressHUD.h */ = {isa = PBXFileReference; fileEncoding = 4; lastKnownFileType = sourcecode.c.h; path = MBProgressHUD.h; sourceTree = "<group>"; };
		CEAB0968151F2BD100BBA4B1 /* MBProgressHUD.m */ = {isa = PBXFileReference; fileEncoding = 4; lastKnownFileType = sourcecode.c.objc; path = MBProgressHUD.m; sourceTree = "<group>"; };
		CEB7A75E1512D8C900A115CB /* image_fail_smile.png */ = {isa = PBXFileReference; lastKnownFileType = image.png; path = image_fail_smile.png; sourceTree = "<group>"; };
		CEB7A75F1512D8C900A115CB /* image_fail_smile@2x.png */ = {isa = PBXFileReference; lastKnownFileType = image.png; path = "image_fail_smile@2x.png"; sourceTree = "<group>"; };
		CEB7A7631512E00500A115CB /* view_background.png */ = {isa = PBXFileReference; lastKnownFileType = image.png; path = view_background.png; sourceTree = "<group>"; };
		CEB7A7641512E00500A115CB /* view_background@2x.png */ = {isa = PBXFileReference; lastKnownFileType = image.png; path = "view_background@2x.png"; sourceTree = "<group>"; };
		CECF506A15124FBB00C1B440 /* CustomNavigationBar.h */ = {isa = PBXFileReference; fileEncoding = 4; lastKnownFileType = sourcecode.c.h; path = CustomNavigationBar.h; sourceTree = "<group>"; };
		CECF506B15124FBB00C1B440 /* CustomNavigationBar.m */ = {isa = PBXFileReference; fileEncoding = 4; lastKnownFileType = sourcecode.c.objc; path = CustomNavigationBar.m; sourceTree = "<group>"; };
		CECF506C15124FBB00C1B440 /* CustomTabBar.h */ = {isa = PBXFileReference; fileEncoding = 4; lastKnownFileType = sourcecode.c.h; path = CustomTabBar.h; sourceTree = "<group>"; };
		CECF506D15124FBB00C1B440 /* CustomTabBar.m */ = {isa = PBXFileReference; fileEncoding = 4; lastKnownFileType = sourcecode.c.objc; path = CustomTabBar.m; sourceTree = "<group>"; };
		CECF507115124FE100C1B440 /* CategoryViewController.h */ = {isa = PBXFileReference; fileEncoding = 4; lastKnownFileType = sourcecode.c.h; path = CategoryViewController.h; sourceTree = "<group>"; };
		CECF507215124FE100C1B440 /* CategoryViewController.m */ = {isa = PBXFileReference; fileEncoding = 4; lastKnownFileType = sourcecode.c.objc; path = CategoryViewController.m; sourceTree = "<group>"; };
		CECF507315124FE100C1B440 /* CustomRootViewController.h */ = {isa = PBXFileReference; fileEncoding = 4; lastKnownFileType = sourcecode.c.h; path = CustomRootViewController.h; sourceTree = "<group>"; };
		CECF507415124FE100C1B440 /* CustomRootViewController.m */ = {isa = PBXFileReference; fileEncoding = 4; lastKnownFileType = sourcecode.c.objc; path = CustomRootViewController.m; sourceTree = "<group>"; };
		CECF507515124FE100C1B440 /* HotViewController.h */ = {isa = PBXFileReference; fileEncoding = 4; lastKnownFileType = sourcecode.c.h; path = HotViewController.h; sourceTree = "<group>"; };
		CECF507615124FE100C1B440 /* HotViewController.m */ = {isa = PBXFileReference; fileEncoding = 4; lastKnownFileType = sourcecode.c.objc; path = HotViewController.m; sourceTree = "<group>"; };
		CECF507915124FE100C1B440 /* MoreViewController.h */ = {isa = PBXFileReference; fileEncoding = 4; lastKnownFileType = sourcecode.c.h; path = MoreViewController.h; sourceTree = "<group>"; };
		CECF507A15124FE100C1B440 /* MoreViewController.m */ = {isa = PBXFileReference; fileEncoding = 4; lastKnownFileType = sourcecode.c.objc; path = MoreViewController.m; sourceTree = "<group>"; };
		CECF50841512503F00C1B440 /* ASIAuthenticationDialog.h */ = {isa = PBXFileReference; fileEncoding = 4; lastKnownFileType = sourcecode.c.h; path = ASIAuthenticationDialog.h; sourceTree = "<group>"; };
		CECF50851512503F00C1B440 /* ASIAuthenticationDialog.m */ = {isa = PBXFileReference; fileEncoding = 4; lastKnownFileType = sourcecode.c.objc; path = ASIAuthenticationDialog.m; sourceTree = "<group>"; };
		CECF50861512503F00C1B440 /* ASICacheDelegate.h */ = {isa = PBXFileReference; fileEncoding = 4; lastKnownFileType = sourcecode.c.h; path = ASICacheDelegate.h; sourceTree = "<group>"; };
		CECF50871512503F00C1B440 /* ASIDataCompressor.h */ = {isa = PBXFileReference; fileEncoding = 4; lastKnownFileType = sourcecode.c.h; path = ASIDataCompressor.h; sourceTree = "<group>"; };
		CECF50881512503F00C1B440 /* ASIDataCompressor.m */ = {isa = PBXFileReference; fileEncoding = 4; lastKnownFileType = sourcecode.c.objc; path = ASIDataCompressor.m; sourceTree = "<group>"; };
		CECF50891512503F00C1B440 /* ASIDataDecompressor.h */ = {isa = PBXFileReference; fileEncoding = 4; lastKnownFileType = sourcecode.c.h; path = ASIDataDecompressor.h; sourceTree = "<group>"; };
		CECF508A1512503F00C1B440 /* ASIDataDecompressor.m */ = {isa = PBXFileReference; fileEncoding = 4; lastKnownFileType = sourcecode.c.objc; path = ASIDataDecompressor.m; sourceTree = "<group>"; };
		CECF508B1512503F00C1B440 /* ASIDownloadCache.h */ = {isa = PBXFileReference; fileEncoding = 4; lastKnownFileType = sourcecode.c.h; path = ASIDownloadCache.h; sourceTree = "<group>"; };
		CECF508C1512503F00C1B440 /* ASIDownloadCache.m */ = {isa = PBXFileReference; fileEncoding = 4; lastKnownFileType = sourcecode.c.objc; path = ASIDownloadCache.m; sourceTree = "<group>"; };
		CECF508D1512503F00C1B440 /* ASIFormDataRequest.h */ = {isa = PBXFileReference; fileEncoding = 4; lastKnownFileType = sourcecode.c.h; path = ASIFormDataRequest.h; sourceTree = "<group>"; };
		CECF508E1512503F00C1B440 /* ASIFormDataRequest.m */ = {isa = PBXFileReference; fileEncoding = 4; lastKnownFileType = sourcecode.c.objc; path = ASIFormDataRequest.m; sourceTree = "<group>"; };
		CECF508F1512503F00C1B440 /* ASIHTTPRequest.h */ = {isa = PBXFileReference; fileEncoding = 4; lastKnownFileType = sourcecode.c.h; path = ASIHTTPRequest.h; sourceTree = "<group>"; };
		CECF50901512503F00C1B440 /* ASIHTTPRequest.m */ = {isa = PBXFileReference; fileEncoding = 4; lastKnownFileType = sourcecode.c.objc; path = ASIHTTPRequest.m; sourceTree = "<group>"; };
		CECF50911512503F00C1B440 /* ASIHTTPRequestConfig.h */ = {isa = PBXFileReference; fileEncoding = 4; lastKnownFileType = sourcecode.c.h; path = ASIHTTPRequestConfig.h; sourceTree = "<group>"; };
		CECF50921512503F00C1B440 /* ASIHTTPRequestDelegate.h */ = {isa = PBXFileReference; fileEncoding = 4; lastKnownFileType = sourcecode.c.h; path = ASIHTTPRequestDelegate.h; sourceTree = "<group>"; };
		CECF50931512503F00C1B440 /* ASIInputStream.h */ = {isa = PBXFileReference; fileEncoding = 4; lastKnownFileType = sourcecode.c.h; path = ASIInputStream.h; sourceTree = "<group>"; };
		CECF50941512503F00C1B440 /* ASIInputStream.m */ = {isa = PBXFileReference; fileEncoding = 4; lastKnownFileType = sourcecode.c.objc; path = ASIInputStream.m; sourceTree = "<group>"; };
		CECF50951512503F00C1B440 /* ASINetworkQueue.h */ = {isa = PBXFileReference; fileEncoding = 4; lastKnownFileType = sourcecode.c.h; path = ASINetworkQueue.h; sourceTree = "<group>"; };
		CECF50961512503F00C1B440 /* ASINetworkQueue.m */ = {isa = PBXFileReference; fileEncoding = 4; lastKnownFileType = sourcecode.c.objc; path = ASINetworkQueue.m; sourceTree = "<group>"; };
		CECF50971512503F00C1B440 /* ASIProgressDelegate.h */ = {isa = PBXFileReference; fileEncoding = 4; lastKnownFileType = sourcecode.c.h; path = ASIProgressDelegate.h; sourceTree = "<group>"; };
		CECF50981512503F00C1B440 /* Reachability.h */ = {isa = PBXFileReference; fileEncoding = 4; lastKnownFileType = sourcecode.c.h; path = Reachability.h; sourceTree = "<group>"; };
		CECF50991512503F00C1B440 /* Reachability.m */ = {isa = PBXFileReference; fileEncoding = 4; lastKnownFileType = sourcecode.c.objc; path = Reachability.m; sourceTree = "<group>"; };
		CECF50A31512508A00C1B440 /* CFNetwork.framework */ = {isa = PBXFileReference; lastKnownFileType = wrapper.framework; name = CFNetwork.framework; path = System/Library/Frameworks/CFNetwork.framework; sourceTree = SDKROOT; };
		CECF50A51512509500C1B440 /* SystemConfiguration.framework */ = {isa = PBXFileReference; lastKnownFileType = wrapper.framework; name = SystemConfiguration.framework; path = System/Library/Frameworks/SystemConfiguration.framework; sourceTree = SDKROOT; };
		CECF50A71512509E00C1B440 /* MobileCoreServices.framework */ = {isa = PBXFileReference; lastKnownFileType = wrapper.framework; name = MobileCoreServices.framework; path = System/Library/Frameworks/MobileCoreServices.framework; sourceTree = SDKROOT; };
		CECF50A9151250AC00C1B440 /* libz.dylib */ = {isa = PBXFileReference; lastKnownFileType = "compiled.mach-o.dylib"; name = libz.dylib; path = usr/lib/libz.dylib; sourceTree = SDKROOT; };
		CECF50AB1512510200C1B440 /* URLImageView.h */ = {isa = PBXFileReference; fileEncoding = 4; lastKnownFileType = sourcecode.c.h; path = URLImageView.h; sourceTree = "<group>"; };
		CECF50AC1512510200C1B440 /* URLImageView.m */ = {isa = PBXFileReference; fileEncoding = 4; lastKnownFileType = sourcecode.c.objc; path = URLImageView.m; sourceTree = "<group>"; };
		CEEC078C15141EA500485D5B /* more_recommand_lutu.png */ = {isa = PBXFileReference; lastKnownFileType = image.png; path = more_recommand_lutu.png; sourceTree = "<group>"; };
		CEF53712151239600048D836 /* navbar_button_back.png */ = {isa = PBXFileReference; lastKnownFileType = image.png; path = navbar_button_back.png; sourceTree = "<group>"; };
		CEF53713151239600048D836 /* navbar_button_back@2x.png */ = {isa = PBXFileReference; lastKnownFileType = image.png; path = "navbar_button_back@2x.png"; sourceTree = "<group>"; };
		CEFBBB051517011B00EA5472 /* TopicListViewController.h */ = {isa = PBXFileReference; fileEncoding = 4; lastKnownFileType = sourcecode.c.h; path = TopicListViewController.h; sourceTree = "<group>"; };
		CEFBBB061517011B00EA5472 /* TopicListViewController.m */ = {isa = PBXFileReference; fileEncoding = 4; lastKnownFileType = sourcecode.c.objc; path = TopicListViewController.m; sourceTree = "<group>"; };
		CEFBBB0C151719AA00EA5472 /* TopicListCellView.h */ = {isa = PBXFileReference; fileEncoding = 4; lastKnownFileType = sourcecode.c.h; path = TopicListCellView.h; sourceTree = "<group>"; };
		CEFBBB0D151719AA00EA5472 /* TopicListCellView.m */ = {isa = PBXFileReference; fileEncoding = 4; lastKnownFileType = sourcecode.c.objc; path = TopicListCellView.m; sourceTree = "<group>"; };
/* End PBXFileReference section */

/* Begin PBXFrameworksBuildPhase section */
		CE4135A21510A68900972D0A /* Frameworks */ = {
			isa = PBXFrameworksBuildPhase;
			buildActionMask = 2147483647;
			files = (
				CE25844915249C0E006BB654 /* libicucore.A.dylib in Frameworks */,
				CECF50AA151250AC00C1B440 /* libz.dylib in Frameworks */,
				CE4135AE1510A68900972D0A /* CoreGraphics.framework in Frameworks */,
				CECF50A81512509E00C1B440 /* MobileCoreServices.framework in Frameworks */,
				CECF50A61512509500C1B440 /* SystemConfiguration.framework in Frameworks */,
				CECF50A41512508A00C1B440 /* CFNetwork.framework in Frameworks */,
				CE4135AA1510A68900972D0A /* UIKit.framework in Frameworks */,
				CE4135AC1510A68900972D0A /* Foundation.framework in Frameworks */,
				CE2584521524AB54006BB654 /* libMobClickLibrary.a in Frameworks */,
			);
			runOnlyForDeploymentPostprocessing = 0;
		};
/* End PBXFrameworksBuildPhase section */

/* Begin PBXGroup section */
		CE258440152496E4006BB654 /* RegexKit  */ = {
			isa = PBXGroup;
			children = (
				CE258442152496EE006BB654 /* RegexKitLite.h */,
				CE258443152496EE006BB654 /* RegexKitLite.m */,
			);
			name = "RegexKit ";
			sourceTree = "<group>";
		};
		CE25844F1524AB46006BB654 /* Umeng */ = {
			isa = PBXGroup;
			children = (
				CE2584501524AB54006BB654 /* libMobClickLibrary.a */,
				CE2584511524AB54006BB654 /* MobClick.h */,
			);
			path = Umeng;
			sourceTree = "<group>";
		};
		CE41359A1510A68900972D0A = {
			isa = PBXGroup;
			children = (
				CE64B8D91512F8EC00811702 /* icon.png */,
				CE64B8DA1512F8EC00811702 /* icon@2x.png */,
				CE64B8D41512F46800811702 /* Default.png */,
				CE64B8D51512F46800811702 /* Default@2x.png */,
				CE4135AF1510A68900972D0A /* Carmodel */,
				CE4139F41510ABFA00972D0A /* Resources */,
				CE4135A81510A68900972D0A /* Frameworks */,
				CE4135A61510A68900972D0A /* Products */,
			);
			sourceTree = "<group>";
		};
		CE4135A61510A68900972D0A /* Products */ = {
			isa = PBXGroup;
			children = (
				CE4135A51510A68900972D0A /* Carmodel.app */,
			);
			name = Products;
			sourceTree = "<group>";
		};
		CE4135A81510A68900972D0A /* Frameworks */ = {
			isa = PBXGroup;
			children = (
				CE25844815249C0E006BB654 /* libicucore.A.dylib */,
				CECF50A9151250AC00C1B440 /* libz.dylib */,
				CECF50A71512509E00C1B440 /* MobileCoreServices.framework */,
				CECF50A51512509500C1B440 /* SystemConfiguration.framework */,
				CECF50A31512508A00C1B440 /* CFNetwork.framework */,
				CE4135A91510A68900972D0A /* UIKit.framework */,
				CE4135AB1510A68900972D0A /* Foundation.framework */,
				CE4135AD1510A68900972D0A /* CoreGraphics.framework */,
			);
			name = Frameworks;
			sourceTree = "<group>";
		};
		CE4135AF1510A68900972D0A /* Carmodel */ = {
			isa = PBXGroup;
			children = (
				CEAB0959151E4F1400BBA4B1 /* DataModel */,
				CECF506715124F9400C1B440 /* Util */,
				CECF506915124FBB00C1B440 /* Views */,
				CECF507015124FE100C1B440 /* ViewControllers */,
				CE4135B81510A68900972D0A /* AppDelegate.h */,
				CE4135B91510A68900972D0A /* AppDelegate.m */,
				CE4135B01510A68900972D0A /* Supporting Files */,
			);
			path = Carmodel;
			sourceTree = "<group>";
		};
		CE4135B01510A68900972D0A /* Supporting Files */ = {
			isa = PBXGroup;
			children = (
				CE4135B11510A68900972D0A /* Carmodel-Info.plist */,
				CE4135B21510A68900972D0A /* InfoPlist.strings */,
				CE4135B51510A68900972D0A /* main.m */,
				CE4135B71510A68900972D0A /* Carmodel-Prefix.pch */,
			);
			name = "Supporting Files";
			sourceTree = "<group>";
		};
		CE4139F41510ABFA00972D0A /* Resources */ = {
			isa = PBXGroup;
			children = (
				CE25845A1524B8E3006BB654 /* huluwa2.png */,
				CE25845B1524B8E3006BB654 /* huluwa2@2x.png */,
				CE2584561524B738006BB654 /* huluwa1.png */,
				CE2584571524B738006BB654 /* huluwa1@2x.png */,
				CEAB095D151E8C0200BBA4B1 /* navbar_button_clear.png */,
				CEAB095E151E8C0200BBA4B1 /* navbar_button_clear@2x.png */,
				CE98010E151847F600849F81 /* button_like_bg.png */,
				CE98010F151847F600849F81 /* button_like_bg@2x.png */,
				CE2F246A151622BC00436598 /* button_function.png */,
				CE2F246B151622BC00436598 /* button_function@2x.png */,
				CE8738BF1513D93400E71EB8 /* moretab */,
				CE8738861513C31700E71EB8 /* category */,
				CEB7A7631512E00500A115CB /* view_background.png */,
				CEB7A7641512E00500A115CB /* view_background@2x.png */,
				CEB7A75E1512D8C900A115CB /* image_fail_smile.png */,
				CEB7A75F1512D8C900A115CB /* image_fail_smile@2x.png */,
				CEF53712151239600048D836 /* navbar_button_back.png */,
				CEF53713151239600048D836 /* navbar_button_back@2x.png */,
				CE333230151207090012F680 /* image_titlebar_background.png */,
				CE333231151207090012F680 /* image_titlebar_background@2x.png */,
				CE413A411510E0CD00972D0A /* tab */,
			);
			path = Resources;
			sourceTree = "<group>";
		};
		CE413A411510E0CD00972D0A /* tab */ = {
			isa = PBXGroup;
			children = (
				CE413A4E1510E22900972D0A /* image_tabbar_button_more_down.png */,
				CE413A4F1510E22900972D0A /* image_tabbar_button_more_down@2x.png */,
				CE413A501510E22900972D0A /* image_tabbar_button_more_selected.png */,
				CE413A511510E22900972D0A /* image_tabbar_button_more_selected@2x.png */,
				CE413A521510E22900972D0A /* image_tabbar_button_more.png */,
				CE413A531510E22900972D0A /* image_tabbar_button_more@2x.png */,
				CE413A421510E16E00972D0A /* image_tabbar_button_search_down.png */,
				CE413A431510E16E00972D0A /* image_tabbar_button_search_down@2x.png */,
				CE413A441510E16E00972D0A /* image_tabbar_button_search_selected.png */,
				CE413A451510E16E00972D0A /* image_tabbar_button_search_selected@2x.png */,
				CE413A461510E16E00972D0A /* image_tabbar_button_search.png */,
				CE413A471510E16E00972D0A /* image_tabbar_button_search@2x.png */,
				CE413A351510E0C800972D0A /* image_tabbar_button_category_down.png */,
				CE413A361510E0C800972D0A /* image_tabbar_button_category_down@2x.png */,
				CE413A371510E0C800972D0A /* image_tabbar_button_category_selected.png */,
				CE413A381510E0C800972D0A /* image_tabbar_button_category_selected@2x.png */,
				CE413A391510E0C800972D0A /* image_tabbar_button_category.png */,
				CE413A3A1510E0C800972D0A /* image_tabbar_button_category@2x.png */,
				CE413A071510AD0400972D0A /* image_tabbar_background.png */,
				CE413A081510AD0400972D0A /* image_tabbar_background@2x.png */,
				CE413A091510AD0400972D0A /* image_tabbar_button_home_down.png */,
				CE413A0A1510AD0400972D0A /* image_tabbar_button_home_down@2x.png */,
				CE413A0B1510AD0400972D0A /* image_tabbar_button_home_selected.png */,
				CE413A0C1510AD0400972D0A /* image_tabbar_button_home_selected@2x.png */,
				CE413A0D1510AD0400972D0A /* image_tabbar_button_home.png */,
				CE413A0E1510AD0400972D0A /* image_tabbar_button_home@2x.png */,
			);
			name = tab;
			sourceTree = "<group>";
		};
		CE8738761513849300E71EB8 /* JSONKit */ = {
			isa = PBXGroup;
			children = (
				CE873878151384B900E71EB8 /* JSONKit.h */,
				CE873879151384B900E71EB8 /* JSONKit.m */,
			);
			path = JSONKit;
			sourceTree = "<group>";
		};
		CE8738861513C31700E71EB8 /* category */ = {
			isa = PBXGroup;
			children = (
				CE87389F1513C45A00E71EB8 /* category_icon_bg.png */,
				CE8738A01513C45A00E71EB8 /* category_icon_bg@2x.png */,
				CE8738A11513C45A00E71EB8 /* cell_separator_line.png */,
				CE8738A21513C45A00E71EB8 /* cell_separator_line@2x.png */,
				CE8738AD1513C45A00E71EB8 /* image_category_icon_0.png */,
				CE8738AE1513C45A00E71EB8 /* image_category_icon_0@2x.png */,
				CE8738A31513C45A00E71EB8 /* image_category_icon_1.png */,
				CE8738A41513C45A00E71EB8 /* image_category_icon_1@2x.png */,
				CE8738A51513C45A00E71EB8 /* image_category_icon_2.png */,
				CE8738A61513C45A00E71EB8 /* image_category_icon_2@2x.png */,
				CE8738A71513C45A00E71EB8 /* image_category_icon_3.png */,
				CE8738A81513C45A00E71EB8 /* image_category_icon_3@2x.png */,
				CE8738A91513C45A00E71EB8 /* image_category_icon_4.png */,
				CE8738AA1513C45A00E71EB8 /* image_category_icon_4@2x.png */,
				CE8738AB1513C45A00E71EB8 /* image_category_icon_5.png */,
				CE8738AC1513C45A00E71EB8 /* image_category_icon_5@2x.png */,
				CE2584D51526E165006BB654 /* image_category_icon_6.png */,
				CE2584D61526E165006BB654 /* image_category_icon_6@2x.png */,
				CE2584D71526E165006BB654 /* image_category_icon_7.png */,
				CE2584D81526E165006BB654 /* image_category_icon_7@2x.png */,
				CE2584D91526E165006BB654 /* image_category_icon_8.png */,
				CE2584DA1526E165006BB654 /* image_category_icon_8@2x.png */,
				CE2584DB1526E165006BB654 /* image_category_icon_9.png */,
				CE2584DC1526E165006BB654 /* image_category_icon_9@2x.png */,
			);
			name = category;
			sourceTree = "<group>";
		};
		CE8738BF1513D93400E71EB8 /* moretab */ = {
			isa = PBXGroup;
			children = (
				CEEC078C15141EA500485D5B /* more_recommand_lutu.png */,
				CE8738D91513E2B000E71EB8 /* more_recommand_app43.png */,
				CE8738C01513D96D00E71EB8 /* image_more_icon_about.png */,
				CE8738C11513D96D00E71EB8 /* image_more_icon_about@2x.png */,
				CE8738C21513D96D00E71EB8 /* image_more_icon_clear_cache.png */,
				CE8738C31513D96D00E71EB8 /* image_more_icon_clear_cache@2x.png */,
				CE8738C41513D96D00E71EB8 /* image_more_icon_feedback.png */,
				CE8738C51513D96D00E71EB8 /* image_more_icon_feedback@2x.png */,
				CE8738C61513D96D00E71EB8 /* image_more_icon_help.png */,
				CE8738C71513D96D00E71EB8 /* image_more_icon_help@2x.png */,
				CE8738C81513D96D00E71EB8 /* image_more_icon_praise.png */,
				CE8738C91513D96D00E71EB8 /* image_more_icon_praise@2x.png */,
			);
			name = moretab;
			sourceTree = "<group>";
		};
		CE987B64152DD565004ABF9E /* iToast */ = {
			isa = PBXGroup;
			children = (
				CE987B65152DD565004ABF9E /* iToast.h */,
				CE987B66152DD565004ABF9E /* iToast.m */,
			);
			path = iToast;
			sourceTree = "<group>";
		};
		CEAB0959151E4F1400BBA4B1 /* DataModel */ = {
			isa = PBXGroup;
			children = (
				CEAB095A151E4F1400BBA4B1 /* ImageObject.h */,
				CEAB095B151E4F1400BBA4B1 /* ImageObject.m */,
			);
			path = DataModel;
			sourceTree = "<group>";
		};
		CEAB0965151F2BBE00BBA4B1 /* MBProgressHUD */ = {
			isa = PBXGroup;
			children = (
				CEAB0967151F2BD100BBA4B1 /* MBProgressHUD.h */,
				CEAB0968151F2BD100BBA4B1 /* MBProgressHUD.m */,
			);
			name = MBProgressHUD;
			sourceTree = "<group>";
		};
		CECF506715124F9400C1B440 /* Util */ = {
			isa = PBXGroup;
			children = (
				CE987B64152DD565004ABF9E /* iToast */,
				CE25844F1524AB46006BB654 /* Umeng */,
				CE258440152496E4006BB654 /* RegexKit  */,
				CEAB0965151F2BBE00BBA4B1 /* MBProgressHUD */,
				CE8738761513849300E71EB8 /* JSONKit */,
				CECF50831512503F00C1B440 /* ASIHttpRequest */,
			);
			path = Util;
			sourceTree = "<group>";
		};
		CECF506915124FBB00C1B440 /* Views */ = {
			isa = PBXGroup;
			children = (
				CECF506A15124FBB00C1B440 /* CustomNavigationBar.h */,
				CECF506B15124FBB00C1B440 /* CustomNavigationBar.m */,
				CECF506C15124FBB00C1B440 /* CustomTabBar.h */,
				CECF506D15124FBB00C1B440 /* CustomTabBar.m */,
				CECF50AB1512510200C1B440 /* URLImageView.h */,
				CECF50AC1512510200C1B440 /* URLImageView.m */,
				CE87387B1513890F00E71EB8 /* CategoryCellViewCell.h */,
				CE87387C1513890F00E71EB8 /* CategoryCellViewCell.m */,
				CE8738D41513DBB100E71EB8 /* SettingViewCell.h */,
				CE8738D51513DBB100E71EB8 /* SettingViewCell.m */,
				CEA74630151648BD00BDAA34 /* ErrorView.h */,
				CEA74631151648BD00BDAA34 /* ErrorView.m */,
				CEFBBB0C151719AA00EA5472 /* TopicListCellView.h */,
				CEFBBB0D151719AA00EA5472 /* TopicListCellView.m */,
				CE980107151827C800849F81 /* PhotoScrollView.h */,
				CE980108151827C800849F81 /* PhotoScrollView.m */,
				CE8AD893151BAE4F000A7BFA /* CommentView.h */,
				CE8AD894151BAE4F000A7BFA /* CommentView.m */,
				CE2584D11526D9C4006BB654 /* CommentCellView.h */,
				CE2584D21526D9C5006BB654 /* CommentCellView.m */,
			);
			path = Views;
			sourceTree = "<group>";
		};
		CECF507015124FE100C1B440 /* ViewControllers */ = {
			isa = PBXGroup;
			children = (
				CECF507315124FE100C1B440 /* CustomRootViewController.h */,
				CECF507415124FE100C1B440 /* CustomRootViewController.m */,
				CECF507515124FE100C1B440 /* HotViewController.h */,
				CECF507615124FE100C1B440 /* HotViewController.m */,
				CECF507115124FE100C1B440 /* CategoryViewController.h */,
				CECF507215124FE100C1B440 /* CategoryViewController.m */,
				CEFBBB051517011B00EA5472 /* TopicListViewController.h */,
				CEFBBB061517011B00EA5472 /* TopicListViewController.m */,
				CE18FCB61518B41B00ED9D08 /* TopicDetailViewController.h */,
				CE18FCB71518B41B00ED9D08 /* TopicDetailViewController.m */,
				CE98010B1518350200849F81 /* PhotoDetailViewController.h */,
				CE98010C1518350200849F81 /* PhotoDetailViewController.m */,
				CE86FAF9151D288000D8D390 /* FavViewController.h */,
				CE86FAFA151D288000D8D390 /* FavViewController.m */,
				CECF507915124FE100C1B440 /* MoreViewController.h */,
				CECF507A15124FE100C1B440 /* MoreViewController.m */,
				CE2584531524B1BC006BB654 /* OtherViewController.h */,
				CE2584541524B1BE006BB654 /* OtherViewController.m */,
			);
			path = ViewControllers;
			sourceTree = "<group>";
		};
		CECF50831512503F00C1B440 /* ASIHttpRequest */ = {
			isa = PBXGroup;
			children = (
				CECF50841512503F00C1B440 /* ASIAuthenticationDialog.h */,
				CECF50851512503F00C1B440 /* ASIAuthenticationDialog.m */,
				CECF50861512503F00C1B440 /* ASICacheDelegate.h */,
				CECF50871512503F00C1B440 /* ASIDataCompressor.h */,
				CECF50881512503F00C1B440 /* ASIDataCompressor.m */,
				CECF50891512503F00C1B440 /* ASIDataDecompressor.h */,
				CECF508A1512503F00C1B440 /* ASIDataDecompressor.m */,
				CECF508B1512503F00C1B440 /* ASIDownloadCache.h */,
				CECF508C1512503F00C1B440 /* ASIDownloadCache.m */,
				CECF508D1512503F00C1B440 /* ASIFormDataRequest.h */,
				CECF508E1512503F00C1B440 /* ASIFormDataRequest.m */,
				CECF508F1512503F00C1B440 /* ASIHTTPRequest.h */,
				CECF50901512503F00C1B440 /* ASIHTTPRequest.m */,
				CECF50911512503F00C1B440 /* ASIHTTPRequestConfig.h */,
				CECF50921512503F00C1B440 /* ASIHTTPRequestDelegate.h */,
				CECF50931512503F00C1B440 /* ASIInputStream.h */,
				CECF50941512503F00C1B440 /* ASIInputStream.m */,
				CECF50951512503F00C1B440 /* ASINetworkQueue.h */,
				CECF50961512503F00C1B440 /* ASINetworkQueue.m */,
				CECF50971512503F00C1B440 /* ASIProgressDelegate.h */,
				CECF50981512503F00C1B440 /* Reachability.h */,
				CECF50991512503F00C1B440 /* Reachability.m */,
			);
			path = ASIHttpRequest;
			sourceTree = "<group>";
		};
/* End PBXGroup section */

/* Begin PBXNativeTarget section */
		CE4135A41510A68900972D0A /* Carmodel */ = {
			isa = PBXNativeTarget;
			buildConfigurationList = CE4135D11510A68900972D0A /* Build configuration list for PBXNativeTarget "Carmodel" */;
			buildPhases = (
				CE4135A11510A68900972D0A /* Sources */,
				CE4135A21510A68900972D0A /* Frameworks */,
				CE4135A31510A68900972D0A /* Resources */,
			);
			buildRules = (
			);
			dependencies = (
			);
			name = Carmodel;
			productName = Carmodel;
			productReference = CE4135A51510A68900972D0A /* Carmodel.app */;
			productType = "com.apple.product-type.application";
		};
/* End PBXNativeTarget section */

/* Begin PBXProject section */
		CE41359C1510A68900972D0A /* Project object */ = {
			isa = PBXProject;
			attributes = {
				LastUpgradeCheck = 0430;
				ORGANIZATIONNAME = PConline;
			};
			buildConfigurationList = CE41359F1510A68900972D0A /* Build configuration list for PBXProject "Carmodel" */;
			compatibilityVersion = "Xcode 3.2";
			developmentRegion = English;
			hasScannedForEncodings = 0;
			knownRegions = (
				en,
			);
			mainGroup = CE41359A1510A68900972D0A;
			productRefGroup = CE4135A61510A68900972D0A /* Products */;
			projectDirPath = "";
			projectRoot = "";
			targets = (
				CE4135A41510A68900972D0A /* Carmodel */,
			);
		};
/* End PBXProject section */

/* Begin PBXResourcesBuildPhase section */
		CE4135A31510A68900972D0A /* Resources */ = {
			isa = PBXResourcesBuildPhase;
			buildActionMask = 2147483647;
			files = (
				CE4135B41510A68900972D0A /* InfoPlist.strings in Resources */,
				CE413A0F1510AD0400972D0A /* image_tabbar_background.png in Resources */,
				CE413A101510AD0400972D0A /* image_tabbar_background@2x.png in Resources */,
				CE413A111510AD0400972D0A /* image_tabbar_button_home_down.png in Resources */,
				CE413A121510AD0400972D0A /* image_tabbar_button_home_down@2x.png in Resources */,
				CE413A131510AD0400972D0A /* image_tabbar_button_home_selected.png in Resources */,
				CE413A141510AD0400972D0A /* image_tabbar_button_home_selected@2x.png in Resources */,
				CE413A151510AD0400972D0A /* image_tabbar_button_home.png in Resources */,
				CE413A161510AD0400972D0A /* image_tabbar_button_home@2x.png in Resources */,
				CE413A3B1510E0C800972D0A /* image_tabbar_button_category_down.png in Resources */,
				CE413A3C1510E0C800972D0A /* image_tabbar_button_category_down@2x.png in Resources */,
				CE413A3D1510E0C800972D0A /* image_tabbar_button_category_selected.png in Resources */,
				CE413A3E1510E0C800972D0A /* image_tabbar_button_category_selected@2x.png in Resources */,
				CE413A3F1510E0C800972D0A /* image_tabbar_button_category.png in Resources */,
				CE413A401510E0C800972D0A /* image_tabbar_button_category@2x.png in Resources */,
				CE413A481510E16E00972D0A /* image_tabbar_button_search_down.png in Resources */,
				CE413A491510E16E00972D0A /* image_tabbar_button_search_down@2x.png in Resources */,
				CE413A4A1510E16E00972D0A /* image_tabbar_button_search_selected.png in Resources */,
				CE413A4B1510E16E00972D0A /* image_tabbar_button_search_selected@2x.png in Resources */,
				CE413A4C1510E16E00972D0A /* image_tabbar_button_search.png in Resources */,
				CE413A4D1510E16E00972D0A /* image_tabbar_button_search@2x.png in Resources */,
				CE413A541510E22900972D0A /* image_tabbar_button_more_down.png in Resources */,
				CE413A551510E22900972D0A /* image_tabbar_button_more_down@2x.png in Resources */,
				CE413A561510E22900972D0A /* image_tabbar_button_more_selected.png in Resources */,
				CE413A571510E22900972D0A /* image_tabbar_button_more_selected@2x.png in Resources */,
				CE413A581510E22900972D0A /* image_tabbar_button_more.png in Resources */,
				CE413A591510E22900972D0A /* image_tabbar_button_more@2x.png in Resources */,
				CE333232151207090012F680 /* image_titlebar_background.png in Resources */,
				CE333233151207090012F680 /* image_titlebar_background@2x.png in Resources */,
				CEF53714151239600048D836 /* navbar_button_back.png in Resources */,
				CEF53715151239600048D836 /* navbar_button_back@2x.png in Resources */,
				CEB7A7601512D8C900A115CB /* image_fail_smile.png in Resources */,
				CEB7A7611512D8C900A115CB /* image_fail_smile@2x.png in Resources */,
				CEB7A7651512E00500A115CB /* view_background.png in Resources */,
				CEB7A7661512E00500A115CB /* view_background@2x.png in Resources */,
				CE64B8D61512F46800811702 /* Default.png in Resources */,
				CE64B8D71512F46800811702 /* Default@2x.png in Resources */,
				CE64B8DB1512F8EC00811702 /* icon.png in Resources */,
				CE64B8DC1512F8EC00811702 /* icon@2x.png in Resources */,
				CE8738AF1513C45A00E71EB8 /* category_icon_bg.png in Resources */,
				CE8738B01513C45A00E71EB8 /* category_icon_bg@2x.png in Resources */,
				CE8738B11513C45A00E71EB8 /* cell_separator_line.png in Resources */,
				CE8738B21513C45A00E71EB8 /* cell_separator_line@2x.png in Resources */,
				CE8738B31513C45A00E71EB8 /* image_category_icon_1.png in Resources */,
				CE8738B41513C45A00E71EB8 /* image_category_icon_1@2x.png in Resources */,
				CE8738B51513C45A00E71EB8 /* image_category_icon_2.png in Resources */,
				CE8738B61513C45A00E71EB8 /* image_category_icon_2@2x.png in Resources */,
				CE8738B71513C45A00E71EB8 /* image_category_icon_3.png in Resources */,
				CE8738B81513C45A00E71EB8 /* image_category_icon_3@2x.png in Resources */,
				CE8738B91513C45A00E71EB8 /* image_category_icon_4.png in Resources */,
				CE8738BA1513C45A00E71EB8 /* image_category_icon_4@2x.png in Resources */,
				CE8738BB1513C45A00E71EB8 /* image_category_icon_5.png in Resources */,
				CE8738BC1513C45A00E71EB8 /* image_category_icon_5@2x.png in Resources */,
				CE8738BD1513C45A00E71EB8 /* image_category_icon_0.png in Resources */,
				CE8738BE1513C45A00E71EB8 /* image_category_icon_0@2x.png in Resources */,
				CE8738CA1513D96D00E71EB8 /* image_more_icon_about.png in Resources */,
				CE8738CB1513D96D00E71EB8 /* image_more_icon_about@2x.png in Resources */,
				CE8738CC1513D96D00E71EB8 /* image_more_icon_clear_cache.png in Resources */,
				CE8738CD1513D96D00E71EB8 /* image_more_icon_clear_cache@2x.png in Resources */,
				CE8738CE1513D96D00E71EB8 /* image_more_icon_feedback.png in Resources */,
				CE8738CF1513D96D00E71EB8 /* image_more_icon_feedback@2x.png in Resources */,
				CE8738D01513D96D00E71EB8 /* image_more_icon_help.png in Resources */,
				CE8738D11513D96D00E71EB8 /* image_more_icon_help@2x.png in Resources */,
				CE8738D21513D96D00E71EB8 /* image_more_icon_praise.png in Resources */,
				CE8738D31513D96D00E71EB8 /* image_more_icon_praise@2x.png in Resources */,
				CE8738DA1513E2B000E71EB8 /* more_recommand_app43.png in Resources */,
				CEEC078D15141EA500485D5B /* more_recommand_lutu.png in Resources */,
				CE2F246C151622BC00436598 /* button_function.png in Resources */,
				CE2F246D151622BC00436598 /* button_function@2x.png in Resources */,
				CE980110151847F600849F81 /* button_like_bg.png in Resources */,
				CE980111151847F600849F81 /* button_like_bg@2x.png in Resources */,
				CEAB095F151E8C0200BBA4B1 /* navbar_button_clear.png in Resources */,
				CEAB0960151E8C0200BBA4B1 /* navbar_button_clear@2x.png in Resources */,
				CE2584581524B738006BB654 /* huluwa1.png in Resources */,
				CE2584591524B738006BB654 /* huluwa1@2x.png in Resources */,
				CE25845C1524B8E3006BB654 /* huluwa2.png in Resources */,
				CE25845D1524B8E3006BB654 /* huluwa2@2x.png in Resources */,
				CE2584DD1526E165006BB654 /* image_category_icon_6.png in Resources */,
				CE2584DE1526E165006BB654 /* image_category_icon_6@2x.png in Resources */,
				CE2584DF1526E165006BB654 /* image_category_icon_7.png in Resources */,
				CE2584E01526E165006BB654 /* image_category_icon_7@2x.png in Resources */,
				CE2584E11526E165006BB654 /* image_category_icon_8.png in Resources */,
				CE2584E21526E165006BB654 /* image_category_icon_8@2x.png in Resources */,
				CE2584E31526E165006BB654 /* image_category_icon_9.png in Resources */,
				CE2584E41526E165006BB654 /* image_category_icon_9@2x.png in Resources */,
			);
			runOnlyForDeploymentPostprocessing = 0;
		};
/* End PBXResourcesBuildPhase section */

/* Begin PBXSourcesBuildPhase section */
		CE4135A11510A68900972D0A /* Sources */ = {
			isa = PBXSourcesBuildPhase;
			buildActionMask = 2147483647;
			files = (
				CE4135B61510A68900972D0A /* main.m in Sources */,
				CE4135BA1510A68900972D0A /* AppDelegate.m in Sources */,
				CECF506E15124FBB00C1B440 /* CustomNavigationBar.m in Sources */,
				CECF506F15124FBB00C1B440 /* CustomTabBar.m in Sources */,
				CECF507D15124FE100C1B440 /* CategoryViewController.m in Sources */,
				CECF507E15124FE100C1B440 /* CustomRootViewController.m in Sources */,
				CECF507F15124FE100C1B440 /* HotViewController.m in Sources */,
				CECF508115124FE100C1B440 /* MoreViewController.m in Sources */,
				CECF509A1512503F00C1B440 /* ASIAuthenticationDialog.m in Sources */,
				CECF509B1512503F00C1B440 /* ASIDataCompressor.m in Sources */,
				CECF509C1512503F00C1B440 /* ASIDataDecompressor.m in Sources */,
				CECF509D1512503F00C1B440 /* ASIDownloadCache.m in Sources */,
				CECF509E1512503F00C1B440 /* ASIFormDataRequest.m in Sources */,
				CECF509F1512503F00C1B440 /* ASIHTTPRequest.m in Sources */,
				CECF50A01512503F00C1B440 /* ASIInputStream.m in Sources */,
				CECF50A11512503F00C1B440 /* ASINetworkQueue.m in Sources */,
				CECF50A21512503F00C1B440 /* Reachability.m in Sources */,
				CECF50AD1512510200C1B440 /* URLImageView.m in Sources */,
				CE87387A151384B900E71EB8 /* JSONKit.m in Sources */,
				CE87387D1513890F00E71EB8 /* CategoryCellViewCell.m in Sources */,
				CE8738D61513DBB100E71EB8 /* SettingViewCell.m in Sources */,
				CEA74632151648BD00BDAA34 /* ErrorView.m in Sources */,
				CEFBBB071517011B00EA5472 /* TopicListViewController.m in Sources */,
				CEFBBB0E151719AA00EA5472 /* TopicListCellView.m in Sources */,
				CE980109151827C800849F81 /* PhotoScrollView.m in Sources */,
				CE98010D1518350200849F81 /* PhotoDetailViewController.m in Sources */,
				CE18FCB81518B41C00ED9D08 /* TopicDetailViewController.m in Sources */,
				CE8AD895151BAE4F000A7BFA /* CommentView.m in Sources */,
				CE86FAFB151D288000D8D390 /* FavViewController.m in Sources */,
				CEAB095C151E4F1400BBA4B1 /* ImageObject.m in Sources */,
				CEAB0969151F2BD100BBA4B1 /* MBProgressHUD.m in Sources */,
				CE258444152496EE006BB654 /* RegexKitLite.m in Sources */,
				CE2584551524B1BE006BB654 /* OtherViewController.m in Sources */,
				CE2584D31526D9C6006BB654 /* CommentCellView.m in Sources */,
				CE987B67152DD565004ABF9E /* iToast.m in Sources */,
			);
			runOnlyForDeploymentPostprocessing = 0;
		};
/* End PBXSourcesBuildPhase section */

/* Begin PBXVariantGroup section */
		CE4135B21510A68900972D0A /* InfoPlist.strings */ = {
			isa = PBXVariantGroup;
			children = (
				CE4135B31510A68900972D0A /* en */,
			);
			name = InfoPlist.strings;
			sourceTree = "<group>";
		};
/* End PBXVariantGroup section */

/* Begin XCBuildConfiguration section */
		CE4135CF1510A68900972D0A /* Debug */ = {
			isa = XCBuildConfiguration;
			buildSettings = {
				ALWAYS_SEARCH_USER_PATHS = NO;
				ARCHS = "$(ARCHS_STANDARD_32_BIT)";
				"CODE_SIGN_IDENTITY[sdk=iphoneos*]" = "iPhone Developer";
				COPY_PHASE_STRIP = NO;
				GCC_C_LANGUAGE_STANDARD = gnu99;
				GCC_DYNAMIC_NO_PIC = NO;
				GCC_OPTIMIZATION_LEVEL = 0;
				GCC_PREPROCESSOR_DEFINITIONS = (
					"DEBUG=1",
					"$(inherited)",
				);
				GCC_SYMBOLS_PRIVATE_EXTERN = NO;
				GCC_VERSION = com.apple.compilers.llvm.clang.1_0;
				GCC_WARN_ABOUT_RETURN_TYPE = YES;
				GCC_WARN_UNINITIALIZED_AUTOS = YES;
				GCC_WARN_UNUSED_VARIABLE = YES;
				IPHONEOS_DEPLOYMENT_TARGET = 5.1;
				SDKROOT = iphoneos;
			};
			name = Debug;
		};
		CE4135D01510A68900972D0A /* Release */ = {
			isa = XCBuildConfiguration;
			buildSettings = {
				ALWAYS_SEARCH_USER_PATHS = NO;
				ARCHS = "$(ARCHS_STANDARD_32_BIT)";
				"CODE_SIGN_IDENTITY[sdk=iphoneos*]" = "iPhone Developer";
				COPY_PHASE_STRIP = YES;
				GCC_C_LANGUAGE_STANDARD = gnu99;
				GCC_VERSION = com.apple.compilers.llvm.clang.1_0;
				GCC_WARN_ABOUT_RETURN_TYPE = YES;
				GCC_WARN_UNINITIALIZED_AUTOS = YES;
				GCC_WARN_UNUSED_VARIABLE = YES;
				IPHONEOS_DEPLOYMENT_TARGET = 5.1;
				OTHER_CFLAGS = "-DNS_BLOCK_ASSERTIONS=1";
				SDKROOT = iphoneos;
				VALIDATE_PRODUCT = YES;
			};
			name = Release;
		};
		CE4135D21510A68900972D0A /* Debug */ = {
			isa = XCBuildConfiguration;
			buildSettings = {
				ARCHS = (
					armv6,
					"$(ARCHS_STANDARD_32_BIT)",
				);
				CODE_SIGN_IDENTITY = "iPhone Developer: Hacder lin (XK6X22TG58)";
				"CODE_SIGN_IDENTITY[sdk=iphoneos*]" = "iPhone Developer: Hacder lin (XK6X22TG58)";
				GCC_PRECOMPILE_PREFIX_HEADER = YES;
				GCC_PREFIX_HEADER = "Carmodel/Carmodel-Prefix.pch";
				INFOPLIST_FILE = "Carmodel/Carmodel-Info.plist";
				IPHONEOS_DEPLOYMENT_TARGET = 4.0;
				LIBRARY_SEARCH_PATHS = (
					"$(inherited)",
					"\"$(SRCROOT)/Carmodel/Util/Umeng\"",
				);
				PRODUCT_NAME = "$(TARGET_NAME)";
				PROVISIONING_PROFILE = "420E5A4B-D356-449B-89DF-F70AB81B3DE3";
				"PROVISIONING_PROFILE[sdk=iphoneos*]" = "420E5A4B-D356-449B-89DF-F70AB81B3DE3";
				WRAPPER_EXTENSION = app;
			};
			name = Debug;
		};
		CE4135D31510A68900972D0A /* Release */ = {
			isa = XCBuildConfiguration;
			buildSettings = {
				ARCHS = (
					armv6,
					"$(ARCHS_STANDARD_32_BIT)",
				);
				CODE_SIGN_IDENTITY = "iPhone Distribution: Hacder lin";
				"CODE_SIGN_IDENTITY[sdk=iphoneos*]" = "iPhone Distribution: Hacder lin";
				GCC_PRECOMPILE_PREFIX_HEADER = YES;
				GCC_PREFIX_HEADER = "Carmodel/Carmodel-Prefix.pch";
				INFOPLIST_FILE = "Carmodel/Carmodel-Info.plist";
				IPHONEOS_DEPLOYMENT_TARGET = 4.0;
				LIBRARY_SEARCH_PATHS = (
					"$(inherited)",
					"\"$(SRCROOT)/Carmodel/Util/Umeng\"",
				);
				PRODUCT_NAME = "$(TARGET_NAME)";
				PROVISIONING_PROFILE = "37683985-519A-4CFA-A950-4AE1F54C9BEB";
				"PROVISIONING_PROFILE[sdk=iphoneos*]" = "37683985-519A-4CFA-A950-4AE1F54C9BEB";
				WRAPPER_EXTENSION = app;
			};
			name = Release;
		};
/* End XCBuildConfiguration section */

/* Begin XCConfigurationList section */
		CE41359F1510A68900972D0A /* Build configuration list for PBXProject "Carmodel" */ = {
			isa = XCConfigurationList;
			buildConfigurations = (
				CE4135CF1510A68900972D0A /* Debug */,
				CE4135D01510A68900972D0A /* Release */,
			);
			defaultConfigurationIsVisible = 0;
			defaultConfigurationName = Release;
		};
		CE4135D11510A68900972D0A /* Build configuration list for PBXNativeTarget "Carmodel" */ = {
			isa = XCConfigurationList;
			buildConfigurations = (
				CE4135D21510A68900972D0A /* Debug */,
				CE4135D31510A68900972D0A /* Release */,
			);
			defaultConfigurationIsVisible = 0;
			defaultConfigurationName = Release;
		};
/* End XCConfigurationList section */
	};
	rootObject = CE41359C1510A68900972D0A /* Project object */;
}
